
Microsoft Visual Studio Solution File, Format Version 12.00
# Visual Studio 15
VisualStudioVersion = 15.0.27703.2035
MinimumVisualStudioVersion = 10.0.40219.1
Project("{9A19103F-16F7-4668-BE54-9A1E7A4F7556}") = "GuessingGame.Gui.ConsoleApplication", "GuessingGame.Console\GuessingGame.Gui.ConsoleApplication.csproj", "{058ECC3E-C58E-4F84-9889-0D203C3DDAD2}"
EndProject
Project("{9A19103F-16F7-4668-BE54-9A1E7A4F7556}") = "GuessingGame.Adapters", "GuessingGame.Adapters\GuessingGame.Adapters.csproj", "{255F3B25-BA51-4B4C-B0D8-85B42AA233FA}"
EndProject
Project("{9A19103F-16F7-4668-BE54-9A1E7A4F7556}") = "GuessingGame.Shared", "GuessingGame.Shared\GuessingGame.Shared.csproj", "{CC40CA0C-9867-4125-9E9F-C73974256BD7}"
EndProject
Project("{9A19103F-16F7-4668-BE54-9A1E7A4F7556}") = "GuessingGame.Adapters.WebApi", "GuessingGame.Adapters.WebApi\GuessingGame.Adapters.WebApi.csproj", "{8910DBAA-6E4C-427E-8D39-EA648EF3EF48}"
EndProject
Project("{9A19103F-16F7-4668-BE54-9A1E7A4F7556}") = "GuessingGame.Gui.Blazor.Server", "GuessingGame.Gui.Blazor.Server\GuessingGame.Gui.Blazor.Server.csproj", "{C0E16915-D9C3-4028-8E0C-0EAE2E6C9607}"
EndProject
Project("{9A19103F-16F7-4668-BE54-9A1E7A4F7556}") = "GuessingGame.Gui.Blazor.Client", "GuessingGame.Gui.Blazor.Client\GuessingGame.Gui.Blazor.Client.csproj", "{747CF575-3248-4FBA-8598-9E60AA5CE341}"
EndProject
Project("{9A19103F-16F7-4668-BE54-9A1E7A4F7556}") = "GuessingGame.Gui.Angular", "GuessingGame.Gui.Angular\GuessingGame.Gui.Angular.csproj", "{92EC79DF-57FE-41B3-A691-5C1E34A59EC8}"
EndProject
Project("{9A19103F-16F7-4668-BE54-9A1E7A4F7556}") = "GuessingGame.Gui.React", "GuessingGame.Gui.React\GuessingGame.Gui.React.csproj", "{70E87027-69C7-4C10-A33B-F9D36DA035FE}"
EndProject
Project("{9A19103F-16F7-4668-BE54-9A1E7A4F7556}") = "GuessingGame.BusinessRules.Tests", "GuessingGame.BusinessRules.Tests\GuessingGame.BusinessRules.Tests.csproj", "{8D322C8F-CC41-4802-9688-9DC76F1108F1}"
EndProject
Project("{9A19103F-16F7-4668-BE54-9A1E7A4F7556}") = "GuessingGame.BusinessRules", "GuessingGame\GuessingGame.BusinessRules.csproj", "{616518AF-8ED4-4772-9ED8-D55AE05E7AC5}"
EndProject
Project("{2150E333-8FDC-42A3-9474-1A3956D46DE8}") = "GuessingGame.Gui.Mobile", "GuessingGame.Gui.Mobile", "{63545AED-B984-45F4-9A45-EDC91124B5D7}"
EndProject
Project("{FAE04EC0-301F-11D3-BF4B-00C04F79EFBC}") = "MobileApplication.Android", "MobileApplication\MobileApplication.Android\MobileApplication.Android.csproj", "{831A8E12-4692-437C-ABA9-56816E2DE61C}"
EndProject
Project("{FAE04EC0-301F-11D3-BF4B-00C04F79EFBC}") = "MobileApplication.iOS", "MobileApplication\MobileApplication.iOS\MobileApplication.iOS.csproj", "{E6E2B47F-69DE-4A9F-9561-F34AAAAF159C}"
EndProject
Project("{FAE04EC0-301F-11D3-BF4B-00C04F79EFBC}") = "MobileApplication.UWP", "MobileApplication\MobileApplication.UWP\MobileApplication.UWP.csproj", "{6176A394-83ED-46B3-A07F-9D8AC7458622}"
EndProject
Project("{FAE04EC0-301F-11D3-BF4B-00C04F79EFBC}") = "MobileApplication", "MobileApplication\MobileApplication\MobileApplication.csproj", "{1392CA66-346C-49E2-9416-867FB3A5CFBC}"
EndProject
Global
	GlobalSection(SolutionConfigurationPlatforms) = preSolution
		Ad-Hoc|Any CPU = Ad-Hoc|Any CPU
		Ad-Hoc|ARM = Ad-Hoc|ARM
		Ad-Hoc|iPhone = Ad-Hoc|iPhone
		Ad-Hoc|iPhoneSimulator = Ad-Hoc|iPhoneSimulator
		Ad-Hoc|x64 = Ad-Hoc|x64
		Ad-Hoc|x86 = Ad-Hoc|x86
		AppStore|Any CPU = AppStore|Any CPU
		AppStore|ARM = AppStore|ARM
		AppStore|iPhone = AppStore|iPhone
		AppStore|iPhoneSimulator = AppStore|iPhoneSimulator
		AppStore|x64 = AppStore|x64
		AppStore|x86 = AppStore|x86
		Debug|Any CPU = Debug|Any CPU
		Debug|ARM = Debug|ARM
		Debug|iPhone = Debug|iPhone
		Debug|iPhoneSimulator = Debug|iPhoneSimulator
		Debug|x64 = Debug|x64
		Debug|x86 = Debug|x86
		Release|Any CPU = Release|Any CPU
		Release|ARM = Release|ARM
		Release|iPhone = Release|iPhone
		Release|iPhoneSimulator = Release|iPhoneSimulator
		Release|x64 = Release|x64
		Release|x86 = Release|x86
	EndGlobalSection
	GlobalSection(ProjectConfigurationPlatforms) = postSolution
		{058ECC3E-C58E-4F84-9889-0D203C3DDAD2}.Ad-Hoc|Any CPU.ActiveCfg = Debug|Any CPU
		{058ECC3E-C58E-4F84-9889-0D203C3DDAD2}.Ad-Hoc|Any CPU.Build.0 = Debug|Any CPU
		{058ECC3E-C58E-4F84-9889-0D203C3DDAD2}.Ad-Hoc|ARM.ActiveCfg = Debug|Any CPU
		{058ECC3E-C58E-4F84-9889-0D203C3DDAD2}.Ad-Hoc|ARM.Build.0 = Debug|Any CPU
		{058ECC3E-C58E-4F84-9889-0D203C3DDAD2}.Ad-Hoc|iPhone.ActiveCfg = Debug|Any CPU
		{058ECC3E-C58E-4F84-9889-0D203C3DDAD2}.Ad-Hoc|iPhone.Build.0 = Debug|Any CPU
		{058ECC3E-C58E-4F84-9889-0D203C3DDAD2}.Ad-Hoc|iPhoneSimulator.ActiveCfg = Debug|Any CPU
		{058ECC3E-C58E-4F84-9889-0D203C3DDAD2}.Ad-Hoc|iPhoneSimulator.Build.0 = Debug|Any CPU
		{058ECC3E-C58E-4F84-9889-0D203C3DDAD2}.Ad-Hoc|x64.ActiveCfg = Release|x64
		{058ECC3E-C58E-4F84-9889-0D203C3DDAD2}.Ad-Hoc|x64.Build.0 = Release|x64
		{058ECC3E-C58E-4F84-9889-0D203C3DDAD2}.Ad-Hoc|x86.ActiveCfg = Debug|Any CPU
		{058ECC3E-C58E-4F84-9889-0D203C3DDAD2}.Ad-Hoc|x86.Build.0 = Debug|Any CPU
		{058ECC3E-C58E-4F84-9889-0D203C3DDAD2}.AppStore|Any CPU.ActiveCfg = Debug|Any CPU
		{058ECC3E-C58E-4F84-9889-0D203C3DDAD2}.AppStore|Any CPU.Build.0 = Debug|Any CPU
		{058ECC3E-C58E-4F84-9889-0D203C3DDAD2}.AppStore|ARM.ActiveCfg = Debug|Any CPU
		{058ECC3E-C58E-4F84-9889-0D203C3DDAD2}.AppStore|ARM.Build.0 = Debug|Any CPU
		{058ECC3E-C58E-4F84-9889-0D203C3DDAD2}.AppStore|iPhone.ActiveCfg = Debug|Any CPU
		{058ECC3E-C58E-4F84-9889-0D203C3DDAD2}.AppStore|iPhone.Build.0 = Debug|Any CPU
		{058ECC3E-C58E-4F84-9889-0D203C3DDAD2}.AppStore|iPhoneSimulator.ActiveCfg = Debug|Any CPU
		{058ECC3E-C58E-4F84-9889-0D203C3DDAD2}.AppStore|iPhoneSimulator.Build.0 = Debug|Any CPU
		{058ECC3E-C58E-4F84-9889-0D203C3DDAD2}.AppStore|x64.ActiveCfg = Release|x64
		{058ECC3E-C58E-4F84-9889-0D203C3DDAD2}.AppStore|x64.Build.0 = Release|x64
		{058ECC3E-C58E-4F84-9889-0D203C3DDAD2}.AppStore|x86.ActiveCfg = Debug|Any CPU
		{058ECC3E-C58E-4F84-9889-0D203C3DDAD2}.AppStore|x86.Build.0 = Debug|Any CPU
		{058ECC3E-C58E-4F84-9889-0D203C3DDAD2}.Debug|Any CPU.ActiveCfg = Debug|x64
		{058ECC3E-C58E-4F84-9889-0D203C3DDAD2}.Debug|Any CPU.Build.0 = Debug|x64
		{058ECC3E-C58E-4F84-9889-0D203C3DDAD2}.Debug|ARM.ActiveCfg = Debug|Any CPU
		{058ECC3E-C58E-4F84-9889-0D203C3DDAD2}.Debug|ARM.Build.0 = Debug|Any CPU
		{058ECC3E-C58E-4F84-9889-0D203C3DDAD2}.Debug|iPhone.ActiveCfg = Debug|Any CPU
		{058ECC3E-C58E-4F84-9889-0D203C3DDAD2}.Debug|iPhone.Build.0 = Debug|Any CPU
		{058ECC3E-C58E-4F84-9889-0D203C3DDAD2}.Debug|iPhoneSimulator.ActiveCfg = Debug|Any CPU
		{058ECC3E-C58E-4F84-9889-0D203C3DDAD2}.Debug|iPhoneSimulator.Build.0 = Debug|Any CPU
		{058ECC3E-C58E-4F84-9889-0D203C3DDAD2}.Debug|x64.ActiveCfg = Debug|x64
		{058ECC3E-C58E-4F84-9889-0D203C3DDAD2}.Debug|x64.Build.0 = Debug|x64
		{058ECC3E-C58E-4F84-9889-0D203C3DDAD2}.Debug|x86.ActiveCfg = Debug|Any CPU
		{058ECC3E-C58E-4F84-9889-0D203C3DDAD2}.Debug|x86.Build.0 = Debug|Any CPU
		{058ECC3E-C58E-4F84-9889-0D203C3DDAD2}.Release|Any CPU.ActiveCfg = Release|Any CPU
		{058ECC3E-C58E-4F84-9889-0D203C3DDAD2}.Release|Any CPU.Build.0 = Release|Any CPU
		{058ECC3E-C58E-4F84-9889-0D203C3DDAD2}.Release|ARM.ActiveCfg = Release|Any CPU
		{058ECC3E-C58E-4F84-9889-0D203C3DDAD2}.Release|ARM.Build.0 = Release|Any CPU
		{058ECC3E-C58E-4F84-9889-0D203C3DDAD2}.Release|iPhone.ActiveCfg = Release|Any CPU
		{058ECC3E-C58E-4F84-9889-0D203C3DDAD2}.Release|iPhone.Build.0 = Release|Any CPU
		{058ECC3E-C58E-4F84-9889-0D203C3DDAD2}.Release|iPhoneSimulator.ActiveCfg = Release|Any CPU
		{058ECC3E-C58E-4F84-9889-0D203C3DDAD2}.Release|iPhoneSimulator.Build.0 = Release|Any CPU
		{058ECC3E-C58E-4F84-9889-0D203C3DDAD2}.Release|x64.ActiveCfg = Release|x64
		{058ECC3E-C58E-4F84-9889-0D203C3DDAD2}.Release|x64.Build.0 = Release|x64
		{058ECC3E-C58E-4F84-9889-0D203C3DDAD2}.Release|x86.ActiveCfg = Release|Any CPU
		{058ECC3E-C58E-4F84-9889-0D203C3DDAD2}.Release|x86.Build.0 = Release|Any CPU
		{255F3B25-BA51-4B4C-B0D8-85B42AA233FA}.Ad-Hoc|Any CPU.ActiveCfg = Debug|Any CPU
		{255F3B25-BA51-4B4C-B0D8-85B42AA233FA}.Ad-Hoc|Any CPU.Build.0 = Debug|Any CPU
		{255F3B25-BA51-4B4C-B0D8-85B42AA233FA}.Ad-Hoc|ARM.ActiveCfg = Debug|Any CPU
		{255F3B25-BA51-4B4C-B0D8-85B42AA233FA}.Ad-Hoc|ARM.Build.0 = Debug|Any CPU
		{255F3B25-BA51-4B4C-B0D8-85B42AA233FA}.Ad-Hoc|iPhone.ActiveCfg = Debug|Any CPU
		{255F3B25-BA51-4B4C-B0D8-85B42AA233FA}.Ad-Hoc|iPhone.Build.0 = Debug|Any CPU
		{255F3B25-BA51-4B4C-B0D8-85B42AA233FA}.Ad-Hoc|iPhoneSimulator.ActiveCfg = Debug|Any CPU
		{255F3B25-BA51-4B4C-B0D8-85B42AA233FA}.Ad-Hoc|iPhoneSimulator.Build.0 = Debug|Any CPU
		{255F3B25-BA51-4B4C-B0D8-85B42AA233FA}.Ad-Hoc|x64.ActiveCfg = Release|x64
		{255F3B25-BA51-4B4C-B0D8-85B42AA233FA}.Ad-Hoc|x64.Build.0 = Release|x64
		{255F3B25-BA51-4B4C-B0D8-85B42AA233FA}.Ad-Hoc|x86.ActiveCfg = Debug|Any CPU
		{255F3B25-BA51-4B4C-B0D8-85B42AA233FA}.Ad-Hoc|x86.Build.0 = Debug|Any CPU
		{255F3B25-BA51-4B4C-B0D8-85B42AA233FA}.AppStore|Any CPU.ActiveCfg = Debug|Any CPU
		{255F3B25-BA51-4B4C-B0D8-85B42AA233FA}.AppStore|Any CPU.Build.0 = Debug|Any CPU
		{255F3B25-BA51-4B4C-B0D8-85B42AA233FA}.AppStore|ARM.ActiveCfg = Debug|Any CPU
		{255F3B25-BA51-4B4C-B0D8-85B42AA233FA}.AppStore|ARM.Build.0 = Debug|Any CPU
		{255F3B25-BA51-4B4C-B0D8-85B42AA233FA}.AppStore|iPhone.ActiveCfg = Debug|Any CPU
		{255F3B25-BA51-4B4C-B0D8-85B42AA233FA}.AppStore|iPhone.Build.0 = Debug|Any CPU
		{255F3B25-BA51-4B4C-B0D8-85B42AA233FA}.AppStore|iPhoneSimulator.ActiveCfg = Debug|Any CPU
		{255F3B25-BA51-4B4C-B0D8-85B42AA233FA}.AppStore|iPhoneSimulator.Build.0 = Debug|Any CPU
		{255F3B25-BA51-4B4C-B0D8-85B42AA233FA}.AppStore|x64.ActiveCfg = Release|x64
		{255F3B25-BA51-4B4C-B0D8-85B42AA233FA}.AppStore|x64.Build.0 = Release|x64
		{255F3B25-BA51-4B4C-B0D8-85B42AA233FA}.AppStore|x86.ActiveCfg = Debug|Any CPU
		{255F3B25-BA51-4B4C-B0D8-85B42AA233FA}.AppStore|x86.Build.0 = Debug|Any CPU
		{255F3B25-BA51-4B4C-B0D8-85B42AA233FA}.Debug|Any CPU.ActiveCfg = Debug|x64
		{255F3B25-BA51-4B4C-B0D8-85B42AA233FA}.Debug|Any CPU.Build.0 = Debug|x64
		{255F3B25-BA51-4B4C-B0D8-85B42AA233FA}.Debug|ARM.ActiveCfg = Debug|Any CPU
		{255F3B25-BA51-4B4C-B0D8-85B42AA233FA}.Debug|ARM.Build.0 = Debug|Any CPU
		{255F3B25-BA51-4B4C-B0D8-85B42AA233FA}.Debug|iPhone.ActiveCfg = Debug|Any CPU
		{255F3B25-BA51-4B4C-B0D8-85B42AA233FA}.Debug|iPhone.Build.0 = Debug|Any CPU
		{255F3B25-BA51-4B4C-B0D8-85B42AA233FA}.Debug|iPhoneSimulator.ActiveCfg = Debug|Any CPU
		{255F3B25-BA51-4B4C-B0D8-85B42AA233FA}.Debug|iPhoneSimulator.Build.0 = Debug|Any CPU
		{255F3B25-BA51-4B4C-B0D8-85B42AA233FA}.Debug|x64.ActiveCfg = Debug|x64
		{255F3B25-BA51-4B4C-B0D8-85B42AA233FA}.Debug|x64.Build.0 = Debug|x64
		{255F3B25-BA51-4B4C-B0D8-85B42AA233FA}.Debug|x86.ActiveCfg = Debug|Any CPU
		{255F3B25-BA51-4B4C-B0D8-85B42AA233FA}.Debug|x86.Build.0 = Debug|Any CPU
		{255F3B25-BA51-4B4C-B0D8-85B42AA233FA}.Release|Any CPU.ActiveCfg = Release|Any CPU
		{255F3B25-BA51-4B4C-B0D8-85B42AA233FA}.Release|Any CPU.Build.0 = Release|Any CPU
		{255F3B25-BA51-4B4C-B0D8-85B42AA233FA}.Release|ARM.ActiveCfg = Release|Any CPU
		{255F3B25-BA51-4B4C-B0D8-85B42AA233FA}.Release|ARM.Build.0 = Release|Any CPU
		{255F3B25-BA51-4B4C-B0D8-85B42AA233FA}.Release|iPhone.ActiveCfg = Release|Any CPU
		{255F3B25-BA51-4B4C-B0D8-85B42AA233FA}.Release|iPhone.Build.0 = Release|Any CPU
		{255F3B25-BA51-4B4C-B0D8-85B42AA233FA}.Release|iPhoneSimulator.ActiveCfg = Release|Any CPU
		{255F3B25-BA51-4B4C-B0D8-85B42AA233FA}.Release|iPhoneSimulator.Build.0 = Release|Any CPU
		{255F3B25-BA51-4B4C-B0D8-85B42AA233FA}.Release|x64.ActiveCfg = Release|x64
		{255F3B25-BA51-4B4C-B0D8-85B42AA233FA}.Release|x64.Build.0 = Release|x64
		{255F3B25-BA51-4B4C-B0D8-85B42AA233FA}.Release|x86.ActiveCfg = Release|Any CPU
		{255F3B25-BA51-4B4C-B0D8-85B42AA233FA}.Release|x86.Build.0 = Release|Any CPU
		{CC40CA0C-9867-4125-9E9F-C73974256BD7}.Ad-Hoc|Any CPU.ActiveCfg = Debug|Any CPU
		{CC40CA0C-9867-4125-9E9F-C73974256BD7}.Ad-Hoc|Any CPU.Build.0 = Debug|Any CPU
		{CC40CA0C-9867-4125-9E9F-C73974256BD7}.Ad-Hoc|ARM.ActiveCfg = Debug|Any CPU
		{CC40CA0C-9867-4125-9E9F-C73974256BD7}.Ad-Hoc|ARM.Build.0 = Debug|Any CPU
		{CC40CA0C-9867-4125-9E9F-C73974256BD7}.Ad-Hoc|iPhone.ActiveCfg = Debug|Any CPU
		{CC40CA0C-9867-4125-9E9F-C73974256BD7}.Ad-Hoc|iPhone.Build.0 = Debug|Any CPU
		{CC40CA0C-9867-4125-9E9F-C73974256BD7}.Ad-Hoc|iPhoneSimulator.ActiveCfg = Debug|Any CPU
		{CC40CA0C-9867-4125-9E9F-C73974256BD7}.Ad-Hoc|iPhoneSimulator.Build.0 = Debug|Any CPU
		{CC40CA0C-9867-4125-9E9F-C73974256BD7}.Ad-Hoc|x64.ActiveCfg = Release|x64
		{CC40CA0C-9867-4125-9E9F-C73974256BD7}.Ad-Hoc|x64.Build.0 = Release|x64
		{CC40CA0C-9867-4125-9E9F-C73974256BD7}.Ad-Hoc|x86.ActiveCfg = Debug|Any CPU
		{CC40CA0C-9867-4125-9E9F-C73974256BD7}.Ad-Hoc|x86.Build.0 = Debug|Any CPU
		{CC40CA0C-9867-4125-9E9F-C73974256BD7}.AppStore|Any CPU.ActiveCfg = Debug|Any CPU
		{CC40CA0C-9867-4125-9E9F-C73974256BD7}.AppStore|Any CPU.Build.0 = Debug|Any CPU
		{CC40CA0C-9867-4125-9E9F-C73974256BD7}.AppStore|ARM.ActiveCfg = Debug|Any CPU
		{CC40CA0C-9867-4125-9E9F-C73974256BD7}.AppStore|ARM.Build.0 = Debug|Any CPU
		{CC40CA0C-9867-4125-9E9F-C73974256BD7}.AppStore|iPhone.ActiveCfg = Debug|Any CPU
		{CC40CA0C-9867-4125-9E9F-C73974256BD7}.AppStore|iPhone.Build.0 = Debug|Any CPU
		{CC40CA0C-9867-4125-9E9F-C73974256BD7}.AppStore|iPhoneSimulator.ActiveCfg = Debug|Any CPU
		{CC40CA0C-9867-4125-9E9F-C73974256BD7}.AppStore|iPhoneSimulator.Build.0 = Debug|Any CPU
		{CC40CA0C-9867-4125-9E9F-C73974256BD7}.AppStore|x64.ActiveCfg = Release|x64
		{CC40CA0C-9867-4125-9E9F-C73974256BD7}.AppStore|x64.Build.0 = Release|x64
		{CC40CA0C-9867-4125-9E9F-C73974256BD7}.AppStore|x86.ActiveCfg = Debug|Any CPU
		{CC40CA0C-9867-4125-9E9F-C73974256BD7}.AppStore|x86.Build.0 = Debug|Any CPU
		{CC40CA0C-9867-4125-9E9F-C73974256BD7}.Debug|Any CPU.ActiveCfg = Debug|x64
		{CC40CA0C-9867-4125-9E9F-C73974256BD7}.Debug|Any CPU.Build.0 = Debug|x64
		{CC40CA0C-9867-4125-9E9F-C73974256BD7}.Debug|ARM.ActiveCfg = Debug|Any CPU
		{CC40CA0C-9867-4125-9E9F-C73974256BD7}.Debug|ARM.Build.0 = Debug|Any CPU
		{CC40CA0C-9867-4125-9E9F-C73974256BD7}.Debug|iPhone.ActiveCfg = Debug|Any CPU
		{CC40CA0C-9867-4125-9E9F-C73974256BD7}.Debug|iPhone.Build.0 = Debug|Any CPU
		{CC40CA0C-9867-4125-9E9F-C73974256BD7}.Debug|iPhoneSimulator.ActiveCfg = Debug|Any CPU
		{CC40CA0C-9867-4125-9E9F-C73974256BD7}.Debug|iPhoneSimulator.Build.0 = Debug|Any CPU
		{CC40CA0C-9867-4125-9E9F-C73974256BD7}.Debug|x64.ActiveCfg = Debug|x64
		{CC40CA0C-9867-4125-9E9F-C73974256BD7}.Debug|x64.Build.0 = Debug|x64
		{CC40CA0C-9867-4125-9E9F-C73974256BD7}.Debug|x86.ActiveCfg = Debug|Any CPU
		{CC40CA0C-9867-4125-9E9F-C73974256BD7}.Debug|x86.Build.0 = Debug|Any CPU
		{CC40CA0C-9867-4125-9E9F-C73974256BD7}.Release|Any CPU.ActiveCfg = Release|Any CPU
		{CC40CA0C-9867-4125-9E9F-C73974256BD7}.Release|Any CPU.Build.0 = Release|Any CPU
		{CC40CA0C-9867-4125-9E9F-C73974256BD7}.Release|ARM.ActiveCfg = Release|Any CPU
		{CC40CA0C-9867-4125-9E9F-C73974256BD7}.Release|ARM.Build.0 = Release|Any CPU
		{CC40CA0C-9867-4125-9E9F-C73974256BD7}.Release|iPhone.ActiveCfg = Release|Any CPU
		{CC40CA0C-9867-4125-9E9F-C73974256BD7}.Release|iPhone.Build.0 = Release|Any CPU
		{CC40CA0C-9867-4125-9E9F-C73974256BD7}.Release|iPhoneSimulator.ActiveCfg = Release|Any CPU
		{CC40CA0C-9867-4125-9E9F-C73974256BD7}.Release|iPhoneSimulator.Build.0 = Release|Any CPU
		{CC40CA0C-9867-4125-9E9F-C73974256BD7}.Release|x64.ActiveCfg = Release|x64
		{CC40CA0C-9867-4125-9E9F-C73974256BD7}.Release|x64.Build.0 = Release|x64
		{CC40CA0C-9867-4125-9E9F-C73974256BD7}.Release|x86.ActiveCfg = Release|Any CPU
		{CC40CA0C-9867-4125-9E9F-C73974256BD7}.Release|x86.Build.0 = Release|Any CPU
		{8910DBAA-6E4C-427E-8D39-EA648EF3EF48}.Ad-Hoc|Any CPU.ActiveCfg = Debug|Any CPU
		{8910DBAA-6E4C-427E-8D39-EA648EF3EF48}.Ad-Hoc|Any CPU.Build.0 = Debug|Any CPU
		{8910DBAA-6E4C-427E-8D39-EA648EF3EF48}.Ad-Hoc|ARM.ActiveCfg = Debug|Any CPU
		{8910DBAA-6E4C-427E-8D39-EA648EF3EF48}.Ad-Hoc|ARM.Build.0 = Debug|Any CPU
		{8910DBAA-6E4C-427E-8D39-EA648EF3EF48}.Ad-Hoc|iPhone.ActiveCfg = Debug|Any CPU
		{8910DBAA-6E4C-427E-8D39-EA648EF3EF48}.Ad-Hoc|iPhone.Build.0 = Debug|Any CPU
		{8910DBAA-6E4C-427E-8D39-EA648EF3EF48}.Ad-Hoc|iPhoneSimulator.ActiveCfg = Debug|Any CPU
		{8910DBAA-6E4C-427E-8D39-EA648EF3EF48}.Ad-Hoc|iPhoneSimulator.Build.0 = Debug|Any CPU
		{8910DBAA-6E4C-427E-8D39-EA648EF3EF48}.Ad-Hoc|x64.ActiveCfg = Release|x64
		{8910DBAA-6E4C-427E-8D39-EA648EF3EF48}.Ad-Hoc|x64.Build.0 = Release|x64
		{8910DBAA-6E4C-427E-8D39-EA648EF3EF48}.Ad-Hoc|x86.ActiveCfg = Debug|Any CPU
		{8910DBAA-6E4C-427E-8D39-EA648EF3EF48}.Ad-Hoc|x86.Build.0 = Debug|Any CPU
		{8910DBAA-6E4C-427E-8D39-EA648EF3EF48}.AppStore|Any CPU.ActiveCfg = Debug|Any CPU
		{8910DBAA-6E4C-427E-8D39-EA648EF3EF48}.AppStore|Any CPU.Build.0 = Debug|Any CPU
		{8910DBAA-6E4C-427E-8D39-EA648EF3EF48}.AppStore|ARM.ActiveCfg = Debug|Any CPU
		{8910DBAA-6E4C-427E-8D39-EA648EF3EF48}.AppStore|ARM.Build.0 = Debug|Any CPU
		{8910DBAA-6E4C-427E-8D39-EA648EF3EF48}.AppStore|iPhone.ActiveCfg = Debug|Any CPU
		{8910DBAA-6E4C-427E-8D39-EA648EF3EF48}.AppStore|iPhone.Build.0 = Debug|Any CPU
		{8910DBAA-6E4C-427E-8D39-EA648EF3EF48}.AppStore|iPhoneSimulator.ActiveCfg = Debug|Any CPU
		{8910DBAA-6E4C-427E-8D39-EA648EF3EF48}.AppStore|iPhoneSimulator.Build.0 = Debug|Any CPU
		{8910DBAA-6E4C-427E-8D39-EA648EF3EF48}.AppStore|x64.ActiveCfg = Release|x64
		{8910DBAA-6E4C-427E-8D39-EA648EF3EF48}.AppStore|x64.Build.0 = Release|x64
		{8910DBAA-6E4C-427E-8D39-EA648EF3EF48}.AppStore|x86.ActiveCfg = Debug|Any CPU
		{8910DBAA-6E4C-427E-8D39-EA648EF3EF48}.AppStore|x86.Build.0 = Debug|Any CPU
		{8910DBAA-6E4C-427E-8D39-EA648EF3EF48}.Debug|Any CPU.ActiveCfg = Debug|x64
		{8910DBAA-6E4C-427E-8D39-EA648EF3EF48}.Debug|Any CPU.Build.0 = Debug|x64
		{8910DBAA-6E4C-427E-8D39-EA648EF3EF48}.Debug|ARM.ActiveCfg = Debug|Any CPU
		{8910DBAA-6E4C-427E-8D39-EA648EF3EF48}.Debug|ARM.Build.0 = Debug|Any CPU
		{8910DBAA-6E4C-427E-8D39-EA648EF3EF48}.Debug|iPhone.ActiveCfg = Debug|Any CPU
		{8910DBAA-6E4C-427E-8D39-EA648EF3EF48}.Debug|iPhone.Build.0 = Debug|Any CPU
		{8910DBAA-6E4C-427E-8D39-EA648EF3EF48}.Debug|iPhoneSimulator.ActiveCfg = Debug|Any CPU
		{8910DBAA-6E4C-427E-8D39-EA648EF3EF48}.Debug|iPhoneSimulator.Build.0 = Debug|Any CPU
		{8910DBAA-6E4C-427E-8D39-EA648EF3EF48}.Debug|x64.ActiveCfg = Debug|x64
		{8910DBAA-6E4C-427E-8D39-EA648EF3EF48}.Debug|x64.Build.0 = Debug|x64
		{8910DBAA-6E4C-427E-8D39-EA648EF3EF48}.Debug|x86.ActiveCfg = Debug|Any CPU
		{8910DBAA-6E4C-427E-8D39-EA648EF3EF48}.Debug|x86.Build.0 = Debug|Any CPU
		{8910DBAA-6E4C-427E-8D39-EA648EF3EF48}.Release|Any CPU.ActiveCfg = Release|Any CPU
		{8910DBAA-6E4C-427E-8D39-EA648EF3EF48}.Release|Any CPU.Build.0 = Release|Any CPU
		{8910DBAA-6E4C-427E-8D39-EA648EF3EF48}.Release|ARM.ActiveCfg = Release|Any CPU
		{8910DBAA-6E4C-427E-8D39-EA648EF3EF48}.Release|ARM.Build.0 = Release|Any CPU
		{8910DBAA-6E4C-427E-8D39-EA648EF3EF48}.Release|iPhone.ActiveCfg = Release|Any CPU
		{8910DBAA-6E4C-427E-8D39-EA648EF3EF48}.Release|iPhone.Build.0 = Release|Any CPU
		{8910DBAA-6E4C-427E-8D39-EA648EF3EF48}.Release|iPhoneSimulator.ActiveCfg = Release|Any CPU
		{8910DBAA-6E4C-427E-8D39-EA648EF3EF48}.Release|iPhoneSimulator.Build.0 = Release|Any CPU
		{8910DBAA-6E4C-427E-8D39-EA648EF3EF48}.Release|x64.ActiveCfg = Release|x64
		{8910DBAA-6E4C-427E-8D39-EA648EF3EF48}.Release|x64.Build.0 = Release|x64
		{8910DBAA-6E4C-427E-8D39-EA648EF3EF48}.Release|x86.ActiveCfg = Release|Any CPU
		{8910DBAA-6E4C-427E-8D39-EA648EF3EF48}.Release|x86.Build.0 = Release|Any CPU
		{C0E16915-D9C3-4028-8E0C-0EAE2E6C9607}.Ad-Hoc|Any CPU.ActiveCfg = Release|Any CPU
		{C0E16915-D9C3-4028-8E0C-0EAE2E6C9607}.Ad-Hoc|Any CPU.Build.0 = Release|Any CPU
		{C0E16915-D9C3-4028-8E0C-0EAE2E6C9607}.Ad-Hoc|ARM.ActiveCfg = Release|Any CPU
		{C0E16915-D9C3-4028-8E0C-0EAE2E6C9607}.Ad-Hoc|ARM.Build.0 = Release|Any CPU
		{C0E16915-D9C3-4028-8E0C-0EAE2E6C9607}.Ad-Hoc|iPhone.ActiveCfg = Release|Any CPU
		{C0E16915-D9C3-4028-8E0C-0EAE2E6C9607}.Ad-Hoc|iPhone.Build.0 = Release|Any CPU
		{C0E16915-D9C3-4028-8E0C-0EAE2E6C9607}.Ad-Hoc|iPhoneSimulator.ActiveCfg = Release|Any CPU
		{C0E16915-D9C3-4028-8E0C-0EAE2E6C9607}.Ad-Hoc|iPhoneSimulator.Build.0 = Release|Any CPU
		{C0E16915-D9C3-4028-8E0C-0EAE2E6C9607}.Ad-Hoc|x64.ActiveCfg = Release|Any CPU
		{C0E16915-D9C3-4028-8E0C-0EAE2E6C9607}.Ad-Hoc|x64.Build.0 = Release|Any CPU
		{C0E16915-D9C3-4028-8E0C-0EAE2E6C9607}.Ad-Hoc|x86.ActiveCfg = Release|Any CPU
		{C0E16915-D9C3-4028-8E0C-0EAE2E6C9607}.Ad-Hoc|x86.Build.0 = Release|Any CPU
		{C0E16915-D9C3-4028-8E0C-0EAE2E6C9607}.AppStore|Any CPU.ActiveCfg = Release|Any CPU
		{C0E16915-D9C3-4028-8E0C-0EAE2E6C9607}.AppStore|Any CPU.Build.0 = Release|Any CPU
		{C0E16915-D9C3-4028-8E0C-0EAE2E6C9607}.AppStore|ARM.ActiveCfg = Release|Any CPU
		{C0E16915-D9C3-4028-8E0C-0EAE2E6C9607}.AppStore|ARM.Build.0 = Release|Any CPU
		{C0E16915-D9C3-4028-8E0C-0EAE2E6C9607}.AppStore|iPhone.ActiveCfg = Release|Any CPU
		{C0E16915-D9C3-4028-8E0C-0EAE2E6C9607}.AppStore|iPhone.Build.0 = Release|Any CPU
		{C0E16915-D9C3-4028-8E0C-0EAE2E6C9607}.AppStore|iPhoneSimulator.ActiveCfg = Release|Any CPU
		{C0E16915-D9C3-4028-8E0C-0EAE2E6C9607}.AppStore|iPhoneSimulator.Build.0 = Release|Any CPU
		{C0E16915-D9C3-4028-8E0C-0EAE2E6C9607}.AppStore|x64.ActiveCfg = Release|Any CPU
		{C0E16915-D9C3-4028-8E0C-0EAE2E6C9607}.AppStore|x64.Build.0 = Release|Any CPU
		{C0E16915-D9C3-4028-8E0C-0EAE2E6C9607}.AppStore|x86.ActiveCfg = Release|Any CPU
		{C0E16915-D9C3-4028-8E0C-0EAE2E6C9607}.AppStore|x86.Build.0 = Release|Any CPU
		{C0E16915-D9C3-4028-8E0C-0EAE2E6C9607}.Debug|Any CPU.ActiveCfg = Debug|Any CPU
		{C0E16915-D9C3-4028-8E0C-0EAE2E6C9607}.Debug|Any CPU.Build.0 = Debug|Any CPU
		{C0E16915-D9C3-4028-8E0C-0EAE2E6C9607}.Debug|ARM.ActiveCfg = Debug|Any CPU
		{C0E16915-D9C3-4028-8E0C-0EAE2E6C9607}.Debug|ARM.Build.0 = Debug|Any CPU
		{C0E16915-D9C3-4028-8E0C-0EAE2E6C9607}.Debug|iPhone.ActiveCfg = Debug|Any CPU
		{C0E16915-D9C3-4028-8E0C-0EAE2E6C9607}.Debug|iPhone.Build.0 = Debug|Any CPU
		{C0E16915-D9C3-4028-8E0C-0EAE2E6C9607}.Debug|iPhoneSimulator.ActiveCfg = Debug|Any CPU
		{C0E16915-D9C3-4028-8E0C-0EAE2E6C9607}.Debug|iPhoneSimulator.Build.0 = Debug|Any CPU
		{C0E16915-D9C3-4028-8E0C-0EAE2E6C9607}.Debug|x64.ActiveCfg = Debug|Any CPU
		{C0E16915-D9C3-4028-8E0C-0EAE2E6C9607}.Debug|x64.Build.0 = Debug|Any CPU
		{C0E16915-D9C3-4028-8E0C-0EAE2E6C9607}.Debug|x86.ActiveCfg = Debug|Any CPU
		{C0E16915-D9C3-4028-8E0C-0EAE2E6C9607}.Debug|x86.Build.0 = Debug|Any CPU
		{C0E16915-D9C3-4028-8E0C-0EAE2E6C9607}.Release|Any CPU.ActiveCfg = Release|Any CPU
		{C0E16915-D9C3-4028-8E0C-0EAE2E6C9607}.Release|Any CPU.Build.0 = Release|Any CPU
		{C0E16915-D9C3-4028-8E0C-0EAE2E6C9607}.Release|ARM.ActiveCfg = Release|Any CPU
		{C0E16915-D9C3-4028-8E0C-0EAE2E6C9607}.Release|ARM.Build.0 = Release|Any CPU
		{C0E16915-D9C3-4028-8E0C-0EAE2E6C9607}.Release|iPhone.ActiveCfg = Release|Any CPU
		{C0E16915-D9C3-4028-8E0C-0EAE2E6C9607}.Release|iPhone.Build.0 = Release|Any CPU
		{C0E16915-D9C3-4028-8E0C-0EAE2E6C9607}.Release|iPhoneSimulator.ActiveCfg = Release|Any CPU
		{C0E16915-D9C3-4028-8E0C-0EAE2E6C9607}.Release|iPhoneSimulator.Build.0 = Release|Any CPU
		{C0E16915-D9C3-4028-8E0C-0EAE2E6C9607}.Release|x64.ActiveCfg = Release|Any CPU
		{C0E16915-D9C3-4028-8E0C-0EAE2E6C9607}.Release|x64.Build.0 = Release|Any CPU
		{C0E16915-D9C3-4028-8E0C-0EAE2E6C9607}.Release|x86.ActiveCfg = Release|Any CPU
		{C0E16915-D9C3-4028-8E0C-0EAE2E6C9607}.Release|x86.Build.0 = Release|Any CPU
		{747CF575-3248-4FBA-8598-9E60AA5CE341}.Ad-Hoc|Any CPU.ActiveCfg = Release|Any CPU
		{747CF575-3248-4FBA-8598-9E60AA5CE341}.Ad-Hoc|Any CPU.Build.0 = Release|Any CPU
		{747CF575-3248-4FBA-8598-9E60AA5CE341}.Ad-Hoc|ARM.ActiveCfg = Release|Any CPU
		{747CF575-3248-4FBA-8598-9E60AA5CE341}.Ad-Hoc|ARM.Build.0 = Release|Any CPU
		{747CF575-3248-4FBA-8598-9E60AA5CE341}.Ad-Hoc|iPhone.ActiveCfg = Release|Any CPU
		{747CF575-3248-4FBA-8598-9E60AA5CE341}.Ad-Hoc|iPhone.Build.0 = Release|Any CPU
		{747CF575-3248-4FBA-8598-9E60AA5CE341}.Ad-Hoc|iPhoneSimulator.ActiveCfg = Release|Any CPU
		{747CF575-3248-4FBA-8598-9E60AA5CE341}.Ad-Hoc|iPhoneSimulator.Build.0 = Release|Any CPU
		{747CF575-3248-4FBA-8598-9E60AA5CE341}.Ad-Hoc|x64.ActiveCfg = Release|Any CPU
		{747CF575-3248-4FBA-8598-9E60AA5CE341}.Ad-Hoc|x64.Build.0 = Release|Any CPU
		{747CF575-3248-4FBA-8598-9E60AA5CE341}.Ad-Hoc|x86.ActiveCfg = Release|Any CPU
		{747CF575-3248-4FBA-8598-9E60AA5CE341}.Ad-Hoc|x86.Build.0 = Release|Any CPU
		{747CF575-3248-4FBA-8598-9E60AA5CE341}.AppStore|Any CPU.ActiveCfg = Release|Any CPU
		{747CF575-3248-4FBA-8598-9E60AA5CE341}.AppStore|Any CPU.Build.0 = Release|Any CPU
		{747CF575-3248-4FBA-8598-9E60AA5CE341}.AppStore|ARM.ActiveCfg = Release|Any CPU
		{747CF575-3248-4FBA-8598-9E60AA5CE341}.AppStore|ARM.Build.0 = Release|Any CPU
		{747CF575-3248-4FBA-8598-9E60AA5CE341}.AppStore|iPhone.ActiveCfg = Release|Any CPU
		{747CF575-3248-4FBA-8598-9E60AA5CE341}.AppStore|iPhone.Build.0 = Release|Any CPU
		{747CF575-3248-4FBA-8598-9E60AA5CE341}.AppStore|iPhoneSimulator.ActiveCfg = Release|Any CPU
		{747CF575-3248-4FBA-8598-9E60AA5CE341}.AppStore|iPhoneSimulator.Build.0 = Release|Any CPU
		{747CF575-3248-4FBA-8598-9E60AA5CE341}.AppStore|x64.ActiveCfg = Release|Any CPU
		{747CF575-3248-4FBA-8598-9E60AA5CE341}.AppStore|x64.Build.0 = Release|Any CPU
		{747CF575-3248-4FBA-8598-9E60AA5CE341}.AppStore|x86.ActiveCfg = Release|Any CPU
		{747CF575-3248-4FBA-8598-9E60AA5CE341}.AppStore|x86.Build.0 = Release|Any CPU
		{747CF575-3248-4FBA-8598-9E60AA5CE341}.Debug|Any CPU.ActiveCfg = Debug|Any CPU
		{747CF575-3248-4FBA-8598-9E60AA5CE341}.Debug|Any CPU.Build.0 = Debug|Any CPU
		{747CF575-3248-4FBA-8598-9E60AA5CE341}.Debug|ARM.ActiveCfg = Debug|Any CPU
		{747CF575-3248-4FBA-8598-9E60AA5CE341}.Debug|ARM.Build.0 = Debug|Any CPU
		{747CF575-3248-4FBA-8598-9E60AA5CE341}.Debug|iPhone.ActiveCfg = Debug|Any CPU
		{747CF575-3248-4FBA-8598-9E60AA5CE341}.Debug|iPhone.Build.0 = Debug|Any CPU
		{747CF575-3248-4FBA-8598-9E60AA5CE341}.Debug|iPhoneSimulator.ActiveCfg = Debug|Any CPU
		{747CF575-3248-4FBA-8598-9E60AA5CE341}.Debug|iPhoneSimulator.Build.0 = Debug|Any CPU
		{747CF575-3248-4FBA-8598-9E60AA5CE341}.Debug|x64.ActiveCfg = Debug|Any CPU
		{747CF575-3248-4FBA-8598-9E60AA5CE341}.Debug|x64.Build.0 = Debug|Any CPU
		{747CF575-3248-4FBA-8598-9E60AA5CE341}.Debug|x86.ActiveCfg = Debug|Any CPU
		{747CF575-3248-4FBA-8598-9E60AA5CE341}.Debug|x86.Build.0 = Debug|Any CPU
		{747CF575-3248-4FBA-8598-9E60AA5CE341}.Release|Any CPU.ActiveCfg = Release|Any CPU
		{747CF575-3248-4FBA-8598-9E60AA5CE341}.Release|Any CPU.Build.0 = Release|Any CPU
		{747CF575-3248-4FBA-8598-9E60AA5CE341}.Release|ARM.ActiveCfg = Release|Any CPU
		{747CF575-3248-4FBA-8598-9E60AA5CE341}.Release|ARM.Build.0 = Release|Any CPU
		{747CF575-3248-4FBA-8598-9E60AA5CE341}.Release|iPhone.ActiveCfg = Release|Any CPU
		{747CF575-3248-4FBA-8598-9E60AA5CE341}.Release|iPhone.Build.0 = Release|Any CPU
		{747CF575-3248-4FBA-8598-9E60AA5CE341}.Release|iPhoneSimulator.ActiveCfg = Release|Any CPU
		{747CF575-3248-4FBA-8598-9E60AA5CE341}.Release|iPhoneSimulator.Build.0 = Release|Any CPU
		{747CF575-3248-4FBA-8598-9E60AA5CE341}.Release|x64.ActiveCfg = Release|Any CPU
		{747CF575-3248-4FBA-8598-9E60AA5CE341}.Release|x64.Build.0 = Release|Any CPU
		{747CF575-3248-4FBA-8598-9E60AA5CE341}.Release|x86.ActiveCfg = Release|Any CPU
		{747CF575-3248-4FBA-8598-9E60AA5CE341}.Release|x86.Build.0 = Release|Any CPU
		{92EC79DF-57FE-41B3-A691-5C1E34A59EC8}.Ad-Hoc|Any CPU.ActiveCfg = Release|Any CPU
		{92EC79DF-57FE-41B3-A691-5C1E34A59EC8}.Ad-Hoc|Any CPU.Build.0 = Release|Any CPU
		{92EC79DF-57FE-41B3-A691-5C1E34A59EC8}.Ad-Hoc|ARM.ActiveCfg = Release|Any CPU
		{92EC79DF-57FE-41B3-A691-5C1E34A59EC8}.Ad-Hoc|ARM.Build.0 = Release|Any CPU
		{92EC79DF-57FE-41B3-A691-5C1E34A59EC8}.Ad-Hoc|iPhone.ActiveCfg = Release|Any CPU
		{92EC79DF-57FE-41B3-A691-5C1E34A59EC8}.Ad-Hoc|iPhone.Build.0 = Release|Any CPU
		{92EC79DF-57FE-41B3-A691-5C1E34A59EC8}.Ad-Hoc|iPhoneSimulator.ActiveCfg = Release|Any CPU
		{92EC79DF-57FE-41B3-A691-5C1E34A59EC8}.Ad-Hoc|iPhoneSimulator.Build.0 = Release|Any CPU
		{92EC79DF-57FE-41B3-A691-5C1E34A59EC8}.Ad-Hoc|x64.ActiveCfg = Release|Any CPU
		{92EC79DF-57FE-41B3-A691-5C1E34A59EC8}.Ad-Hoc|x64.Build.0 = Release|Any CPU
		{92EC79DF-57FE-41B3-A691-5C1E34A59EC8}.Ad-Hoc|x86.ActiveCfg = Release|Any CPU
		{92EC79DF-57FE-41B3-A691-5C1E34A59EC8}.Ad-Hoc|x86.Build.0 = Release|Any CPU
		{92EC79DF-57FE-41B3-A691-5C1E34A59EC8}.AppStore|Any CPU.ActiveCfg = Release|Any CPU
		{92EC79DF-57FE-41B3-A691-5C1E34A59EC8}.AppStore|Any CPU.Build.0 = Release|Any CPU
		{92EC79DF-57FE-41B3-A691-5C1E34A59EC8}.AppStore|ARM.ActiveCfg = Release|Any CPU
		{92EC79DF-57FE-41B3-A691-5C1E34A59EC8}.AppStore|ARM.Build.0 = Release|Any CPU
		{92EC79DF-57FE-41B3-A691-5C1E34A59EC8}.AppStore|iPhone.ActiveCfg = Release|Any CPU
		{92EC79DF-57FE-41B3-A691-5C1E34A59EC8}.AppStore|iPhone.Build.0 = Release|Any CPU
		{92EC79DF-57FE-41B3-A691-5C1E34A59EC8}.AppStore|iPhoneSimulator.ActiveCfg = Release|Any CPU
		{92EC79DF-57FE-41B3-A691-5C1E34A59EC8}.AppStore|iPhoneSimulator.Build.0 = Release|Any CPU
		{92EC79DF-57FE-41B3-A691-5C1E34A59EC8}.AppStore|x64.ActiveCfg = Release|Any CPU
		{92EC79DF-57FE-41B3-A691-5C1E34A59EC8}.AppStore|x64.Build.0 = Release|Any CPU
		{92EC79DF-57FE-41B3-A691-5C1E34A59EC8}.AppStore|x86.ActiveCfg = Release|Any CPU
		{92EC79DF-57FE-41B3-A691-5C1E34A59EC8}.AppStore|x86.Build.0 = Release|Any CPU
		{92EC79DF-57FE-41B3-A691-5C1E34A59EC8}.Debug|Any CPU.ActiveCfg = Debug|Any CPU
		{92EC79DF-57FE-41B3-A691-5C1E34A59EC8}.Debug|Any CPU.Build.0 = Debug|Any CPU
		{92EC79DF-57FE-41B3-A691-5C1E34A59EC8}.Debug|ARM.ActiveCfg = Debug|Any CPU
		{92EC79DF-57FE-41B3-A691-5C1E34A59EC8}.Debug|ARM.Build.0 = Debug|Any CPU
		{92EC79DF-57FE-41B3-A691-5C1E34A59EC8}.Debug|iPhone.ActiveCfg = Debug|Any CPU
		{92EC79DF-57FE-41B3-A691-5C1E34A59EC8}.Debug|iPhone.Build.0 = Debug|Any CPU
		{92EC79DF-57FE-41B3-A691-5C1E34A59EC8}.Debug|iPhoneSimulator.ActiveCfg = Debug|Any CPU
		{92EC79DF-57FE-41B3-A691-5C1E34A59EC8}.Debug|iPhoneSimulator.Build.0 = Debug|Any CPU
		{92EC79DF-57FE-41B3-A691-5C1E34A59EC8}.Debug|x64.ActiveCfg = Debug|Any CPU
		{92EC79DF-57FE-41B3-A691-5C1E34A59EC8}.Debug|x64.Build.0 = Debug|Any CPU
		{92EC79DF-57FE-41B3-A691-5C1E34A59EC8}.Debug|x86.ActiveCfg = Debug|Any CPU
		{92EC79DF-57FE-41B3-A691-5C1E34A59EC8}.Debug|x86.Build.0 = Debug|Any CPU
		{92EC79DF-57FE-41B3-A691-5C1E34A59EC8}.Release|Any CPU.ActiveCfg = Release|Any CPU
		{92EC79DF-57FE-41B3-A691-5C1E34A59EC8}.Release|Any CPU.Build.0 = Release|Any CPU
		{92EC79DF-57FE-41B3-A691-5C1E34A59EC8}.Release|ARM.ActiveCfg = Release|Any CPU
		{92EC79DF-57FE-41B3-A691-5C1E34A59EC8}.Release|ARM.Build.0 = Release|Any CPU
		{92EC79DF-57FE-41B3-A691-5C1E34A59EC8}.Release|iPhone.ActiveCfg = Release|Any CPU
		{92EC79DF-57FE-41B3-A691-5C1E34A59EC8}.Release|iPhone.Build.0 = Release|Any CPU
		{92EC79DF-57FE-41B3-A691-5C1E34A59EC8}.Release|iPhoneSimulator.ActiveCfg = Release|Any CPU
		{92EC79DF-57FE-41B3-A691-5C1E34A59EC8}.Release|iPhoneSimulator.Build.0 = Release|Any CPU
		{92EC79DF-57FE-41B3-A691-5C1E34A59EC8}.Release|x64.ActiveCfg = Release|Any CPU
		{92EC79DF-57FE-41B3-A691-5C1E34A59EC8}.Release|x64.Build.0 = Release|Any CPU
		{92EC79DF-57FE-41B3-A691-5C1E34A59EC8}.Release|x86.ActiveCfg = Release|Any CPU
		{92EC79DF-57FE-41B3-A691-5C1E34A59EC8}.Release|x86.Build.0 = Release|Any CPU
		{70E87027-69C7-4C10-A33B-F9D36DA035FE}.Ad-Hoc|Any CPU.ActiveCfg = Release|Any CPU
		{70E87027-69C7-4C10-A33B-F9D36DA035FE}.Ad-Hoc|Any CPU.Build.0 = Release|Any CPU
		{70E87027-69C7-4C10-A33B-F9D36DA035FE}.Ad-Hoc|ARM.ActiveCfg = Release|Any CPU
		{70E87027-69C7-4C10-A33B-F9D36DA035FE}.Ad-Hoc|ARM.Build.0 = Release|Any CPU
		{70E87027-69C7-4C10-A33B-F9D36DA035FE}.Ad-Hoc|iPhone.ActiveCfg = Release|Any CPU
		{70E87027-69C7-4C10-A33B-F9D36DA035FE}.Ad-Hoc|iPhone.Build.0 = Release|Any CPU
		{70E87027-69C7-4C10-A33B-F9D36DA035FE}.Ad-Hoc|iPhoneSimulator.ActiveCfg = Release|Any CPU
		{70E87027-69C7-4C10-A33B-F9D36DA035FE}.Ad-Hoc|iPhoneSimulator.Build.0 = Release|Any CPU
		{70E87027-69C7-4C10-A33B-F9D36DA035FE}.Ad-Hoc|x64.ActiveCfg = Release|Any CPU
		{70E87027-69C7-4C10-A33B-F9D36DA035FE}.Ad-Hoc|x64.Build.0 = Release|Any CPU
		{70E87027-69C7-4C10-A33B-F9D36DA035FE}.Ad-Hoc|x86.ActiveCfg = Release|Any CPU
		{70E87027-69C7-4C10-A33B-F9D36DA035FE}.Ad-Hoc|x86.Build.0 = Release|Any CPU
		{70E87027-69C7-4C10-A33B-F9D36DA035FE}.AppStore|Any CPU.ActiveCfg = Release|Any CPU
		{70E87027-69C7-4C10-A33B-F9D36DA035FE}.AppStore|Any CPU.Build.0 = Release|Any CPU
		{70E87027-69C7-4C10-A33B-F9D36DA035FE}.AppStore|ARM.ActiveCfg = Release|Any CPU
		{70E87027-69C7-4C10-A33B-F9D36DA035FE}.AppStore|ARM.Build.0 = Release|Any CPU
		{70E87027-69C7-4C10-A33B-F9D36DA035FE}.AppStore|iPhone.ActiveCfg = Release|Any CPU
		{70E87027-69C7-4C10-A33B-F9D36DA035FE}.AppStore|iPhone.Build.0 = Release|Any CPU
		{70E87027-69C7-4C10-A33B-F9D36DA035FE}.AppStore|iPhoneSimulator.ActiveCfg = Release|Any CPU
		{70E87027-69C7-4C10-A33B-F9D36DA035FE}.AppStore|iPhoneSimulator.Build.0 = Release|Any CPU
		{70E87027-69C7-4C10-A33B-F9D36DA035FE}.AppStore|x64.ActiveCfg = Release|Any CPU
		{70E87027-69C7-4C10-A33B-F9D36DA035FE}.AppStore|x64.Build.0 = Release|Any CPU
		{70E87027-69C7-4C10-A33B-F9D36DA035FE}.AppStore|x86.ActiveCfg = Release|Any CPU
		{70E87027-69C7-4C10-A33B-F9D36DA035FE}.AppStore|x86.Build.0 = Release|Any CPU
		{70E87027-69C7-4C10-A33B-F9D36DA035FE}.Debug|Any CPU.ActiveCfg = Debug|Any CPU
		{70E87027-69C7-4C10-A33B-F9D36DA035FE}.Debug|Any CPU.Build.0 = Debug|Any CPU
		{70E87027-69C7-4C10-A33B-F9D36DA035FE}.Debug|ARM.ActiveCfg = Debug|Any CPU
		{70E87027-69C7-4C10-A33B-F9D36DA035FE}.Debug|ARM.Build.0 = Debug|Any CPU
		{70E87027-69C7-4C10-A33B-F9D36DA035FE}.Debug|iPhone.ActiveCfg = Debug|Any CPU
		{70E87027-69C7-4C10-A33B-F9D36DA035FE}.Debug|iPhone.Build.0 = Debug|Any CPU
		{70E87027-69C7-4C10-A33B-F9D36DA035FE}.Debug|iPhoneSimulator.ActiveCfg = Debug|Any CPU
		{70E87027-69C7-4C10-A33B-F9D36DA035FE}.Debug|iPhoneSimulator.Build.0 = Debug|Any CPU
		{70E87027-69C7-4C10-A33B-F9D36DA035FE}.Debug|x64.ActiveCfg = Debug|Any CPU
		{70E87027-69C7-4C10-A33B-F9D36DA035FE}.Debug|x64.Build.0 = Debug|Any CPU
		{70E87027-69C7-4C10-A33B-F9D36DA035FE}.Debug|x86.ActiveCfg = Debug|Any CPU
		{70E87027-69C7-4C10-A33B-F9D36DA035FE}.Debug|x86.Build.0 = Debug|Any CPU
		{70E87027-69C7-4C10-A33B-F9D36DA035FE}.Release|Any CPU.ActiveCfg = Release|Any CPU
		{70E87027-69C7-4C10-A33B-F9D36DA035FE}.Release|Any CPU.Build.0 = Release|Any CPU
		{70E87027-69C7-4C10-A33B-F9D36DA035FE}.Release|ARM.ActiveCfg = Release|Any CPU
		{70E87027-69C7-4C10-A33B-F9D36DA035FE}.Release|ARM.Build.0 = Release|Any CPU
		{70E87027-69C7-4C10-A33B-F9D36DA035FE}.Release|iPhone.ActiveCfg = Release|Any CPU
		{70E87027-69C7-4C10-A33B-F9D36DA035FE}.Release|iPhone.Build.0 = Release|Any CPU
		{70E87027-69C7-4C10-A33B-F9D36DA035FE}.Release|iPhoneSimulator.ActiveCfg = Release|Any CPU
		{70E87027-69C7-4C10-A33B-F9D36DA035FE}.Release|iPhoneSimulator.Build.0 = Release|Any CPU
		{70E87027-69C7-4C10-A33B-F9D36DA035FE}.Release|x64.ActiveCfg = Release|Any CPU
		{70E87027-69C7-4C10-A33B-F9D36DA035FE}.Release|x64.Build.0 = Release|Any CPU
		{70E87027-69C7-4C10-A33B-F9D36DA035FE}.Release|x86.ActiveCfg = Release|Any CPU
		{70E87027-69C7-4C10-A33B-F9D36DA035FE}.Release|x86.Build.0 = Release|Any CPU
		{8D322C8F-CC41-4802-9688-9DC76F1108F1}.Ad-Hoc|Any CPU.ActiveCfg = Release|Any CPU
		{8D322C8F-CC41-4802-9688-9DC76F1108F1}.Ad-Hoc|Any CPU.Build.0 = Release|Any CPU
		{8D322C8F-CC41-4802-9688-9DC76F1108F1}.Ad-Hoc|ARM.ActiveCfg = Release|Any CPU
		{8D322C8F-CC41-4802-9688-9DC76F1108F1}.Ad-Hoc|ARM.Build.0 = Release|Any CPU
		{8D322C8F-CC41-4802-9688-9DC76F1108F1}.Ad-Hoc|iPhone.ActiveCfg = Release|Any CPU
		{8D322C8F-CC41-4802-9688-9DC76F1108F1}.Ad-Hoc|iPhone.Build.0 = Release|Any CPU
		{8D322C8F-CC41-4802-9688-9DC76F1108F1}.Ad-Hoc|iPhoneSimulator.ActiveCfg = Release|Any CPU
		{8D322C8F-CC41-4802-9688-9DC76F1108F1}.Ad-Hoc|iPhoneSimulator.Build.0 = Release|Any CPU
		{8D322C8F-CC41-4802-9688-9DC76F1108F1}.Ad-Hoc|x64.ActiveCfg = Release|Any CPU
		{8D322C8F-CC41-4802-9688-9DC76F1108F1}.Ad-Hoc|x64.Build.0 = Release|Any CPU
		{8D322C8F-CC41-4802-9688-9DC76F1108F1}.Ad-Hoc|x86.ActiveCfg = Release|Any CPU
		{8D322C8F-CC41-4802-9688-9DC76F1108F1}.Ad-Hoc|x86.Build.0 = Release|Any CPU
		{8D322C8F-CC41-4802-9688-9DC76F1108F1}.AppStore|Any CPU.ActiveCfg = Release|Any CPU
		{8D322C8F-CC41-4802-9688-9DC76F1108F1}.AppStore|Any CPU.Build.0 = Release|Any CPU
		{8D322C8F-CC41-4802-9688-9DC76F1108F1}.AppStore|ARM.ActiveCfg = Release|Any CPU
		{8D322C8F-CC41-4802-9688-9DC76F1108F1}.AppStore|ARM.Build.0 = Release|Any CPU
		{8D322C8F-CC41-4802-9688-9DC76F1108F1}.AppStore|iPhone.ActiveCfg = Release|Any CPU
		{8D322C8F-CC41-4802-9688-9DC76F1108F1}.AppStore|iPhone.Build.0 = Release|Any CPU
		{8D322C8F-CC41-4802-9688-9DC76F1108F1}.AppStore|iPhoneSimulator.ActiveCfg = Release|Any CPU
		{8D322C8F-CC41-4802-9688-9DC76F1108F1}.AppStore|iPhoneSimulator.Build.0 = Release|Any CPU
		{8D322C8F-CC41-4802-9688-9DC76F1108F1}.AppStore|x64.ActiveCfg = Release|Any CPU
		{8D322C8F-CC41-4802-9688-9DC76F1108F1}.AppStore|x64.Build.0 = Release|Any CPU
		{8D322C8F-CC41-4802-9688-9DC76F1108F1}.AppStore|x86.ActiveCfg = Release|Any CPU
		{8D322C8F-CC41-4802-9688-9DC76F1108F1}.AppStore|x86.Build.0 = Release|Any CPU
		{8D322C8F-CC41-4802-9688-9DC76F1108F1}.Debug|Any CPU.ActiveCfg = Debug|Any CPU
		{8D322C8F-CC41-4802-9688-9DC76F1108F1}.Debug|Any CPU.Build.0 = Debug|Any CPU
		{8D322C8F-CC41-4802-9688-9DC76F1108F1}.Debug|ARM.ActiveCfg = Debug|Any CPU
		{8D322C8F-CC41-4802-9688-9DC76F1108F1}.Debug|ARM.Build.0 = Debug|Any CPU
		{8D322C8F-CC41-4802-9688-9DC76F1108F1}.Debug|iPhone.ActiveCfg = Debug|Any CPU
		{8D322C8F-CC41-4802-9688-9DC76F1108F1}.Debug|iPhone.Build.0 = Debug|Any CPU
		{8D322C8F-CC41-4802-9688-9DC76F1108F1}.Debug|iPhoneSimulator.ActiveCfg = Debug|Any CPU
		{8D322C8F-CC41-4802-9688-9DC76F1108F1}.Debug|iPhoneSimulator.Build.0 = Debug|Any CPU
		{8D322C8F-CC41-4802-9688-9DC76F1108F1}.Debug|x64.ActiveCfg = Debug|Any CPU
		{8D322C8F-CC41-4802-9688-9DC76F1108F1}.Debug|x64.Build.0 = Debug|Any CPU
		{8D322C8F-CC41-4802-9688-9DC76F1108F1}.Debug|x86.ActiveCfg = Debug|Any CPU
		{8D322C8F-CC41-4802-9688-9DC76F1108F1}.Debug|x86.Build.0 = Debug|Any CPU
		{8D322C8F-CC41-4802-9688-9DC76F1108F1}.Release|Any CPU.ActiveCfg = Release|Any CPU
		{8D322C8F-CC41-4802-9688-9DC76F1108F1}.Release|Any CPU.Build.0 = Release|Any CPU
		{8D322C8F-CC41-4802-9688-9DC76F1108F1}.Release|ARM.ActiveCfg = Release|Any CPU
		{8D322C8F-CC41-4802-9688-9DC76F1108F1}.Release|ARM.Build.0 = Release|Any CPU
		{8D322C8F-CC41-4802-9688-9DC76F1108F1}.Release|iPhone.ActiveCfg = Release|Any CPU
		{8D322C8F-CC41-4802-9688-9DC76F1108F1}.Release|iPhone.Build.0 = Release|Any CPU
		{8D322C8F-CC41-4802-9688-9DC76F1108F1}.Release|iPhoneSimulator.ActiveCfg = Release|Any CPU
		{8D322C8F-CC41-4802-9688-9DC76F1108F1}.Release|iPhoneSimulator.Build.0 = Release|Any CPU
		{8D322C8F-CC41-4802-9688-9DC76F1108F1}.Release|x64.ActiveCfg = Release|Any CPU
		{8D322C8F-CC41-4802-9688-9DC76F1108F1}.Release|x64.Build.0 = Release|Any CPU
		{8D322C8F-CC41-4802-9688-9DC76F1108F1}.Release|x86.ActiveCfg = Release|Any CPU
		{8D322C8F-CC41-4802-9688-9DC76F1108F1}.Release|x86.Build.0 = Release|Any CPU
		{616518AF-8ED4-4772-9ED8-D55AE05E7AC5}.Ad-Hoc|Any CPU.ActiveCfg = Debug|Any CPU
		{616518AF-8ED4-4772-9ED8-D55AE05E7AC5}.Ad-Hoc|Any CPU.Build.0 = Debug|Any CPU
		{616518AF-8ED4-4772-9ED8-D55AE05E7AC5}.Ad-Hoc|ARM.ActiveCfg = Debug|Any CPU
		{616518AF-8ED4-4772-9ED8-D55AE05E7AC5}.Ad-Hoc|ARM.Build.0 = Debug|Any CPU
		{616518AF-8ED4-4772-9ED8-D55AE05E7AC5}.Ad-Hoc|iPhone.ActiveCfg = Debug|Any CPU
		{616518AF-8ED4-4772-9ED8-D55AE05E7AC5}.Ad-Hoc|iPhone.Build.0 = Debug|Any CPU
		{616518AF-8ED4-4772-9ED8-D55AE05E7AC5}.Ad-Hoc|iPhoneSimulator.ActiveCfg = Debug|Any CPU
		{616518AF-8ED4-4772-9ED8-D55AE05E7AC5}.Ad-Hoc|iPhoneSimulator.Build.0 = Debug|Any CPU
		{616518AF-8ED4-4772-9ED8-D55AE05E7AC5}.Ad-Hoc|x64.ActiveCfg = Release|x64
		{616518AF-8ED4-4772-9ED8-D55AE05E7AC5}.Ad-Hoc|x64.Build.0 = Release|x64
		{616518AF-8ED4-4772-9ED8-D55AE05E7AC5}.Ad-Hoc|x86.ActiveCfg = Debug|Any CPU
		{616518AF-8ED4-4772-9ED8-D55AE05E7AC5}.Ad-Hoc|x86.Build.0 = Debug|Any CPU
		{616518AF-8ED4-4772-9ED8-D55AE05E7AC5}.AppStore|Any CPU.ActiveCfg = Debug|Any CPU
		{616518AF-8ED4-4772-9ED8-D55AE05E7AC5}.AppStore|Any CPU.Build.0 = Debug|Any CPU
		{616518AF-8ED4-4772-9ED8-D55AE05E7AC5}.AppStore|ARM.ActiveCfg = Debug|Any CPU
		{616518AF-8ED4-4772-9ED8-D55AE05E7AC5}.AppStore|ARM.Build.0 = Debug|Any CPU
		{616518AF-8ED4-4772-9ED8-D55AE05E7AC5}.AppStore|iPhone.ActiveCfg = Debug|Any CPU
		{616518AF-8ED4-4772-9ED8-D55AE05E7AC5}.AppStore|iPhone.Build.0 = Debug|Any CPU
		{616518AF-8ED4-4772-9ED8-D55AE05E7AC5}.AppStore|iPhoneSimulator.ActiveCfg = Debug|Any CPU
		{616518AF-8ED4-4772-9ED8-D55AE05E7AC5}.AppStore|iPhoneSimulator.Build.0 = Debug|Any CPU
		{616518AF-8ED4-4772-9ED8-D55AE05E7AC5}.AppStore|x64.ActiveCfg = Release|x64
		{616518AF-8ED4-4772-9ED8-D55AE05E7AC5}.AppStore|x64.Build.0 = Release|x64
		{616518AF-8ED4-4772-9ED8-D55AE05E7AC5}.AppStore|x86.ActiveCfg = Debug|Any CPU
		{616518AF-8ED4-4772-9ED8-D55AE05E7AC5}.AppStore|x86.Build.0 = Debug|Any CPU
		{616518AF-8ED4-4772-9ED8-D55AE05E7AC5}.Debug|Any CPU.ActiveCfg = Debug|Any CPU
		{616518AF-8ED4-4772-9ED8-D55AE05E7AC5}.Debug|Any CPU.Build.0 = Debug|Any CPU
		{616518AF-8ED4-4772-9ED8-D55AE05E7AC5}.Debug|ARM.ActiveCfg = Debug|Any CPU
		{616518AF-8ED4-4772-9ED8-D55AE05E7AC5}.Debug|ARM.Build.0 = Debug|Any CPU
		{616518AF-8ED4-4772-9ED8-D55AE05E7AC5}.Debug|iPhone.ActiveCfg = Debug|Any CPU
		{616518AF-8ED4-4772-9ED8-D55AE05E7AC5}.Debug|iPhone.Build.0 = Debug|Any CPU
		{616518AF-8ED4-4772-9ED8-D55AE05E7AC5}.Debug|iPhoneSimulator.ActiveCfg = Debug|Any CPU
		{616518AF-8ED4-4772-9ED8-D55AE05E7AC5}.Debug|iPhoneSimulator.Build.0 = Debug|Any CPU
		{616518AF-8ED4-4772-9ED8-D55AE05E7AC5}.Debug|x64.ActiveCfg = Debug|x64
		{616518AF-8ED4-4772-9ED8-D55AE05E7AC5}.Debug|x64.Build.0 = Debug|x64
		{616518AF-8ED4-4772-9ED8-D55AE05E7AC5}.Debug|x86.ActiveCfg = Debug|Any CPU
		{616518AF-8ED4-4772-9ED8-D55AE05E7AC5}.Debug|x86.Build.0 = Debug|Any CPU
		{616518AF-8ED4-4772-9ED8-D55AE05E7AC5}.Release|Any CPU.ActiveCfg = Release|Any CPU
		{616518AF-8ED4-4772-9ED8-D55AE05E7AC5}.Release|Any CPU.Build.0 = Release|Any CPU
		{616518AF-8ED4-4772-9ED8-D55AE05E7AC5}.Release|ARM.ActiveCfg = Release|Any CPU
		{616518AF-8ED4-4772-9ED8-D55AE05E7AC5}.Release|ARM.Build.0 = Release|Any CPU
		{616518AF-8ED4-4772-9ED8-D55AE05E7AC5}.Release|iPhone.ActiveCfg = Release|Any CPU
		{616518AF-8ED4-4772-9ED8-D55AE05E7AC5}.Release|iPhone.Build.0 = Release|Any CPU
		{616518AF-8ED4-4772-9ED8-D55AE05E7AC5}.Release|iPhoneSimulator.ActiveCfg = Release|Any CPU
		{616518AF-8ED4-4772-9ED8-D55AE05E7AC5}.Release|iPhoneSimulator.Build.0 = Release|Any CPU
		{616518AF-8ED4-4772-9ED8-D55AE05E7AC5}.Release|x64.ActiveCfg = Release|x64
		{616518AF-8ED4-4772-9ED8-D55AE05E7AC5}.Release|x64.Build.0 = Release|x64
		{616518AF-8ED4-4772-9ED8-D55AE05E7AC5}.Release|x86.ActiveCfg = Release|Any CPU
		{616518AF-8ED4-4772-9ED8-D55AE05E7AC5}.Release|x86.Build.0 = Release|Any CPU
		{831A8E12-4692-437C-ABA9-56816E2DE61C}.Ad-Hoc|Any CPU.ActiveCfg = Release|Any CPU
		{831A8E12-4692-437C-ABA9-56816E2DE61C}.Ad-Hoc|Any CPU.Build.0 = Release|Any CPU
		{831A8E12-4692-437C-ABA9-56816E2DE61C}.Ad-Hoc|Any CPU.Deploy.0 = Release|Any CPU
		{831A8E12-4692-437C-ABA9-56816E2DE61C}.Ad-Hoc|ARM.ActiveCfg = Release|Any CPU
		{831A8E12-4692-437C-ABA9-56816E2DE61C}.Ad-Hoc|ARM.Build.0 = Release|Any CPU
		{831A8E12-4692-437C-ABA9-56816E2DE61C}.Ad-Hoc|ARM.Deploy.0 = Release|Any CPU
		{831A8E12-4692-437C-ABA9-56816E2DE61C}.Ad-Hoc|iPhone.ActiveCfg = Release|Any CPU
		{831A8E12-4692-437C-ABA9-56816E2DE61C}.Ad-Hoc|iPhone.Build.0 = Release|Any CPU
		{831A8E12-4692-437C-ABA9-56816E2DE61C}.Ad-Hoc|iPhone.Deploy.0 = Release|Any CPU
		{831A8E12-4692-437C-ABA9-56816E2DE61C}.Ad-Hoc|iPhoneSimulator.ActiveCfg = Release|Any CPU
		{831A8E12-4692-437C-ABA9-56816E2DE61C}.Ad-Hoc|iPhoneSimulator.Build.0 = Release|Any CPU
		{831A8E12-4692-437C-ABA9-56816E2DE61C}.Ad-Hoc|iPhoneSimulator.Deploy.0 = Release|Any CPU
		{831A8E12-4692-437C-ABA9-56816E2DE61C}.Ad-Hoc|x64.ActiveCfg = Release|Any CPU
		{831A8E12-4692-437C-ABA9-56816E2DE61C}.Ad-Hoc|x64.Build.0 = Release|Any CPU
		{831A8E12-4692-437C-ABA9-56816E2DE61C}.Ad-Hoc|x64.Deploy.0 = Release|Any CPU
		{831A8E12-4692-437C-ABA9-56816E2DE61C}.Ad-Hoc|x86.ActiveCfg = Release|Any CPU
		{831A8E12-4692-437C-ABA9-56816E2DE61C}.Ad-Hoc|x86.Build.0 = Release|Any CPU
		{831A8E12-4692-437C-ABA9-56816E2DE61C}.Ad-Hoc|x86.Deploy.0 = Release|Any CPU
		{831A8E12-4692-437C-ABA9-56816E2DE61C}.AppStore|Any CPU.ActiveCfg = Release|Any CPU
		{831A8E12-4692-437C-ABA9-56816E2DE61C}.AppStore|Any CPU.Build.0 = Release|Any CPU
		{831A8E12-4692-437C-ABA9-56816E2DE61C}.AppStore|Any CPU.Deploy.0 = Release|Any CPU
		{831A8E12-4692-437C-ABA9-56816E2DE61C}.AppStore|ARM.ActiveCfg = Release|Any CPU
		{831A8E12-4692-437C-ABA9-56816E2DE61C}.AppStore|ARM.Build.0 = Release|Any CPU
		{831A8E12-4692-437C-ABA9-56816E2DE61C}.AppStore|ARM.Deploy.0 = Release|Any CPU
		{831A8E12-4692-437C-ABA9-56816E2DE61C}.AppStore|iPhone.ActiveCfg = Release|Any CPU
		{831A8E12-4692-437C-ABA9-56816E2DE61C}.AppStore|iPhone.Build.0 = Release|Any CPU
		{831A8E12-4692-437C-ABA9-56816E2DE61C}.AppStore|iPhone.Deploy.0 = Release|Any CPU
		{831A8E12-4692-437C-ABA9-56816E2DE61C}.AppStore|iPhoneSimulator.ActiveCfg = Release|Any CPU
		{831A8E12-4692-437C-ABA9-56816E2DE61C}.AppStore|iPhoneSimulator.Build.0 = Release|Any CPU
		{831A8E12-4692-437C-ABA9-56816E2DE61C}.AppStore|iPhoneSimulator.Deploy.0 = Release|Any CPU
		{831A8E12-4692-437C-ABA9-56816E2DE61C}.AppStore|x64.ActiveCfg = Release|Any CPU
		{831A8E12-4692-437C-ABA9-56816E2DE61C}.AppStore|x64.Build.0 = Release|Any CPU
		{831A8E12-4692-437C-ABA9-56816E2DE61C}.AppStore|x64.Deploy.0 = Release|Any CPU
		{831A8E12-4692-437C-ABA9-56816E2DE61C}.AppStore|x86.ActiveCfg = Release|Any CPU
		{831A8E12-4692-437C-ABA9-56816E2DE61C}.AppStore|x86.Build.0 = Release|Any CPU
		{831A8E12-4692-437C-ABA9-56816E2DE61C}.AppStore|x86.Deploy.0 = Release|Any CPU
		{831A8E12-4692-437C-ABA9-56816E2DE61C}.Debug|Any CPU.ActiveCfg = Debug|Any CPU
		{831A8E12-4692-437C-ABA9-56816E2DE61C}.Debug|Any CPU.Build.0 = Debug|Any CPU
		{831A8E12-4692-437C-ABA9-56816E2DE61C}.Debug|Any CPU.Deploy.0 = Debug|Any CPU
		{831A8E12-4692-437C-ABA9-56816E2DE61C}.Debug|ARM.ActiveCfg = Debug|Any CPU
		{831A8E12-4692-437C-ABA9-56816E2DE61C}.Debug|ARM.Build.0 = Debug|Any CPU
		{831A8E12-4692-437C-ABA9-56816E2DE61C}.Debug|ARM.Deploy.0 = Debug|Any CPU
		{831A8E12-4692-437C-ABA9-56816E2DE61C}.Debug|iPhone.ActiveCfg = Debug|Any CPU
		{831A8E12-4692-437C-ABA9-56816E2DE61C}.Debug|iPhone.Build.0 = Debug|Any CPU
		{831A8E12-4692-437C-ABA9-56816E2DE61C}.Debug|iPhone.Deploy.0 = Debug|Any CPU
		{831A8E12-4692-437C-ABA9-56816E2DE61C}.Debug|iPhoneSimulator.ActiveCfg = Debug|Any CPU
		{831A8E12-4692-437C-ABA9-56816E2DE61C}.Debug|iPhoneSimulator.Build.0 = Debug|Any CPU
		{831A8E12-4692-437C-ABA9-56816E2DE61C}.Debug|iPhoneSimulator.Deploy.0 = Debug|Any CPU
		{831A8E12-4692-437C-ABA9-56816E2DE61C}.Debug|x64.ActiveCfg = Debug|Any CPU
		{831A8E12-4692-437C-ABA9-56816E2DE61C}.Debug|x64.Build.0 = Debug|Any CPU
		{831A8E12-4692-437C-ABA9-56816E2DE61C}.Debug|x64.Deploy.0 = Debug|Any CPU
		{831A8E12-4692-437C-ABA9-56816E2DE61C}.Debug|x86.ActiveCfg = Debug|Any CPU
		{831A8E12-4692-437C-ABA9-56816E2DE61C}.Debug|x86.Build.0 = Debug|Any CPU
		{831A8E12-4692-437C-ABA9-56816E2DE61C}.Debug|x86.Deploy.0 = Debug|Any CPU
		{831A8E12-4692-437C-ABA9-56816E2DE61C}.Release|Any CPU.ActiveCfg = Release|Any CPU
		{831A8E12-4692-437C-ABA9-56816E2DE61C}.Release|Any CPU.Build.0 = Release|Any CPU
		{831A8E12-4692-437C-ABA9-56816E2DE61C}.Release|Any CPU.Deploy.0 = Release|Any CPU
		{831A8E12-4692-437C-ABA9-56816E2DE61C}.Release|ARM.ActiveCfg = Release|Any CPU
		{831A8E12-4692-437C-ABA9-56816E2DE61C}.Release|ARM.Build.0 = Release|Any CPU
		{831A8E12-4692-437C-ABA9-56816E2DE61C}.Release|ARM.Deploy.0 = Release|Any CPU
		{831A8E12-4692-437C-ABA9-56816E2DE61C}.Release|iPhone.ActiveCfg = Release|Any CPU
		{831A8E12-4692-437C-ABA9-56816E2DE61C}.Release|iPhone.Build.0 = Release|Any CPU
		{831A8E12-4692-437C-ABA9-56816E2DE61C}.Release|iPhone.Deploy.0 = Release|Any CPU
		{831A8E12-4692-437C-ABA9-56816E2DE61C}.Release|iPhoneSimulator.ActiveCfg = Release|Any CPU
		{831A8E12-4692-437C-ABA9-56816E2DE61C}.Release|iPhoneSimulator.Build.0 = Release|Any CPU
		{831A8E12-4692-437C-ABA9-56816E2DE61C}.Release|iPhoneSimulator.Deploy.0 = Release|Any CPU
		{831A8E12-4692-437C-ABA9-56816E2DE61C}.Release|x64.ActiveCfg = Release|Any CPU
		{831A8E12-4692-437C-ABA9-56816E2DE61C}.Release|x64.Build.0 = Release|Any CPU
		{831A8E12-4692-437C-ABA9-56816E2DE61C}.Release|x64.Deploy.0 = Release|Any CPU
		{831A8E12-4692-437C-ABA9-56816E2DE61C}.Release|x86.ActiveCfg = Release|Any CPU
		{831A8E12-4692-437C-ABA9-56816E2DE61C}.Release|x86.Build.0 = Release|Any CPU
		{831A8E12-4692-437C-ABA9-56816E2DE61C}.Release|x86.Deploy.0 = Release|Any CPU
		{E6E2B47F-69DE-4A9F-9561-F34AAAAF159C}.Ad-Hoc|Any CPU.ActiveCfg = Ad-Hoc|iPhone
		{E6E2B47F-69DE-4A9F-9561-F34AAAAF159C}.Ad-Hoc|ARM.ActiveCfg = Ad-Hoc|iPhone
		{E6E2B47F-69DE-4A9F-9561-F34AAAAF159C}.Ad-Hoc|iPhone.ActiveCfg = Ad-Hoc|iPhone
		{E6E2B47F-69DE-4A9F-9561-F34AAAAF159C}.Ad-Hoc|iPhone.Build.0 = Ad-Hoc|iPhone
		{E6E2B47F-69DE-4A9F-9561-F34AAAAF159C}.Ad-Hoc|iPhoneSimulator.ActiveCfg = Ad-Hoc|iPhoneSimulator
		{E6E2B47F-69DE-4A9F-9561-F34AAAAF159C}.Ad-Hoc|iPhoneSimulator.Build.0 = Ad-Hoc|iPhoneSimulator
		{E6E2B47F-69DE-4A9F-9561-F34AAAAF159C}.Ad-Hoc|x64.ActiveCfg = Ad-Hoc|iPhone
		{E6E2B47F-69DE-4A9F-9561-F34AAAAF159C}.Ad-Hoc|x86.ActiveCfg = Ad-Hoc|iPhone
		{E6E2B47F-69DE-4A9F-9561-F34AAAAF159C}.AppStore|Any CPU.ActiveCfg = AppStore|iPhone
		{E6E2B47F-69DE-4A9F-9561-F34AAAAF159C}.AppStore|ARM.ActiveCfg = AppStore|iPhone
		{E6E2B47F-69DE-4A9F-9561-F34AAAAF159C}.AppStore|iPhone.ActiveCfg = AppStore|iPhone
		{E6E2B47F-69DE-4A9F-9561-F34AAAAF159C}.AppStore|iPhone.Build.0 = AppStore|iPhone
		{E6E2B47F-69DE-4A9F-9561-F34AAAAF159C}.AppStore|iPhoneSimulator.ActiveCfg = AppStore|iPhoneSimulator
		{E6E2B47F-69DE-4A9F-9561-F34AAAAF159C}.AppStore|iPhoneSimulator.Build.0 = AppStore|iPhoneSimulator
		{E6E2B47F-69DE-4A9F-9561-F34AAAAF159C}.AppStore|x64.ActiveCfg = AppStore|iPhone
		{E6E2B47F-69DE-4A9F-9561-F34AAAAF159C}.AppStore|x86.ActiveCfg = AppStore|iPhone
		{E6E2B47F-69DE-4A9F-9561-F34AAAAF159C}.Debug|Any CPU.ActiveCfg = Debug|iPhone
		{E6E2B47F-69DE-4A9F-9561-F34AAAAF159C}.Debug|ARM.ActiveCfg = Debug|iPhone
		{E6E2B47F-69DE-4A9F-9561-F34AAAAF159C}.Debug|iPhone.ActiveCfg = Debug|iPhone
		{E6E2B47F-69DE-4A9F-9561-F34AAAAF159C}.Debug|iPhone.Build.0 = Debug|iPhone
		{E6E2B47F-69DE-4A9F-9561-F34AAAAF159C}.Debug|iPhoneSimulator.ActiveCfg = Debug|iPhoneSimulator
		{E6E2B47F-69DE-4A9F-9561-F34AAAAF159C}.Debug|iPhoneSimulator.Build.0 = Debug|iPhoneSimulator
		{E6E2B47F-69DE-4A9F-9561-F34AAAAF159C}.Debug|x64.ActiveCfg = Debug|iPhone
		{E6E2B47F-69DE-4A9F-9561-F34AAAAF159C}.Debug|x86.ActiveCfg = Debug|iPhone
		{E6E2B47F-69DE-4A9F-9561-F34AAAAF159C}.Release|Any CPU.ActiveCfg = Release|iPhone
		{E6E2B47F-69DE-4A9F-9561-F34AAAAF159C}.Release|ARM.ActiveCfg = Release|iPhone
		{E6E2B47F-69DE-4A9F-9561-F34AAAAF159C}.Release|iPhone.ActiveCfg = Release|iPhone
		{E6E2B47F-69DE-4A9F-9561-F34AAAAF159C}.Release|iPhone.Build.0 = Release|iPhone
		{E6E2B47F-69DE-4A9F-9561-F34AAAAF159C}.Release|iPhoneSimulator.ActiveCfg = Release|iPhoneSimulator
		{E6E2B47F-69DE-4A9F-9561-F34AAAAF159C}.Release|iPhoneSimulator.Build.0 = Release|iPhoneSimulator
		{E6E2B47F-69DE-4A9F-9561-F34AAAAF159C}.Release|x64.ActiveCfg = Release|iPhone
		{E6E2B47F-69DE-4A9F-9561-F34AAAAF159C}.Release|x86.ActiveCfg = Release|iPhone
		{6176A394-83ED-46B3-A07F-9D8AC7458622}.Ad-Hoc|Any CPU.ActiveCfg = Release|x86
		{6176A394-83ED-46B3-A07F-9D8AC7458622}.Ad-Hoc|Any CPU.Build.0 = Release|x86
		{6176A394-83ED-46B3-A07F-9D8AC7458622}.Ad-Hoc|Any CPU.Deploy.0 = Release|x86
		{6176A394-83ED-46B3-A07F-9D8AC7458622}.Ad-Hoc|ARM.ActiveCfg = Release|ARM
		{6176A394-83ED-46B3-A07F-9D8AC7458622}.Ad-Hoc|ARM.Build.0 = Release|ARM
		{6176A394-83ED-46B3-A07F-9D8AC7458622}.Ad-Hoc|ARM.Deploy.0 = Release|ARM
		{6176A394-83ED-46B3-A07F-9D8AC7458622}.Ad-Hoc|iPhone.ActiveCfg = Release|x86
		{6176A394-83ED-46B3-A07F-9D8AC7458622}.Ad-Hoc|iPhone.Build.0 = Release|x86
		{6176A394-83ED-46B3-A07F-9D8AC7458622}.Ad-Hoc|iPhone.Deploy.0 = Release|x86
		{6176A394-83ED-46B3-A07F-9D8AC7458622}.Ad-Hoc|iPhoneSimulator.ActiveCfg = Release|x86
		{6176A394-83ED-46B3-A07F-9D8AC7458622}.Ad-Hoc|iPhoneSimulator.Build.0 = Release|x86
		{6176A394-83ED-46B3-A07F-9D8AC7458622}.Ad-Hoc|iPhoneSimulator.Deploy.0 = Release|x86
		{6176A394-83ED-46B3-A07F-9D8AC7458622}.Ad-Hoc|x64.ActiveCfg = Release|x64
		{6176A394-83ED-46B3-A07F-9D8AC7458622}.Ad-Hoc|x64.Build.0 = Release|x64
		{6176A394-83ED-46B3-A07F-9D8AC7458622}.Ad-Hoc|x64.Deploy.0 = Release|x64
		{6176A394-83ED-46B3-A07F-9D8AC7458622}.Ad-Hoc|x86.ActiveCfg = Release|x86
		{6176A394-83ED-46B3-A07F-9D8AC7458622}.Ad-Hoc|x86.Build.0 = Release|x86
		{6176A394-83ED-46B3-A07F-9D8AC7458622}.Ad-Hoc|x86.Deploy.0 = Release|x86
		{6176A394-83ED-46B3-A07F-9D8AC7458622}.AppStore|Any CPU.ActiveCfg = Release|x86
		{6176A394-83ED-46B3-A07F-9D8AC7458622}.AppStore|Any CPU.Build.0 = Release|x86
		{6176A394-83ED-46B3-A07F-9D8AC7458622}.AppStore|Any CPU.Deploy.0 = Release|x86
		{6176A394-83ED-46B3-A07F-9D8AC7458622}.AppStore|ARM.ActiveCfg = Release|ARM
		{6176A394-83ED-46B3-A07F-9D8AC7458622}.AppStore|ARM.Build.0 = Release|ARM
		{6176A394-83ED-46B3-A07F-9D8AC7458622}.AppStore|ARM.Deploy.0 = Release|ARM
		{6176A394-83ED-46B3-A07F-9D8AC7458622}.AppStore|iPhone.ActiveCfg = Release|x86
		{6176A394-83ED-46B3-A07F-9D8AC7458622}.AppStore|iPhone.Build.0 = Release|x86
		{6176A394-83ED-46B3-A07F-9D8AC7458622}.AppStore|iPhone.Deploy.0 = Release|x86
		{6176A394-83ED-46B3-A07F-9D8AC7458622}.AppStore|iPhoneSimulator.ActiveCfg = Release|x86
		{6176A394-83ED-46B3-A07F-9D8AC7458622}.AppStore|iPhoneSimulator.Build.0 = Release|x86
		{6176A394-83ED-46B3-A07F-9D8AC7458622}.AppStore|iPhoneSimulator.Deploy.0 = Release|x86
		{6176A394-83ED-46B3-A07F-9D8AC7458622}.AppStore|x64.ActiveCfg = Release|x64
		{6176A394-83ED-46B3-A07F-9D8AC7458622}.AppStore|x64.Build.0 = Release|x64
		{6176A394-83ED-46B3-A07F-9D8AC7458622}.AppStore|x64.Deploy.0 = Release|x64
		{6176A394-83ED-46B3-A07F-9D8AC7458622}.AppStore|x86.ActiveCfg = Release|x86
		{6176A394-83ED-46B3-A07F-9D8AC7458622}.AppStore|x86.Build.0 = Release|x86
		{6176A394-83ED-46B3-A07F-9D8AC7458622}.AppStore|x86.Deploy.0 = Release|x86
		{6176A394-83ED-46B3-A07F-9D8AC7458622}.Debug|Any CPU.ActiveCfg = Debug|x86
		{6176A394-83ED-46B3-A07F-9D8AC7458622}.Debug|ARM.ActiveCfg = Debug|ARM
		{6176A394-83ED-46B3-A07F-9D8AC7458622}.Debug|ARM.Build.0 = Debug|ARM
		{6176A394-83ED-46B3-A07F-9D8AC7458622}.Debug|ARM.Deploy.0 = Debug|ARM
		{6176A394-83ED-46B3-A07F-9D8AC7458622}.Debug|iPhone.ActiveCfg = Debug|x86
		{6176A394-83ED-46B3-A07F-9D8AC7458622}.Debug|iPhoneSimulator.ActiveCfg = Debug|x86
		{6176A394-83ED-46B3-A07F-9D8AC7458622}.Debug|x64.ActiveCfg = Debug|x64
		{6176A394-83ED-46B3-A07F-9D8AC7458622}.Debug|x64.Build.0 = Debug|x64
		{6176A394-83ED-46B3-A07F-9D8AC7458622}.Debug|x64.Deploy.0 = Debug|x64
		{6176A394-83ED-46B3-A07F-9D8AC7458622}.Debug|x86.ActiveCfg = Debug|x86
		{6176A394-83ED-46B3-A07F-9D8AC7458622}.Debug|x86.Build.0 = Debug|x86
		{6176A394-83ED-46B3-A07F-9D8AC7458622}.Debug|x86.Deploy.0 = Debug|x86
		{6176A394-83ED-46B3-A07F-9D8AC7458622}.Release|Any CPU.ActiveCfg = Release|x86
		{6176A394-83ED-46B3-A07F-9D8AC7458622}.Release|ARM.ActiveCfg = Release|ARM
		{6176A394-83ED-46B3-A07F-9D8AC7458622}.Release|ARM.Build.0 = Release|ARM
		{6176A394-83ED-46B3-A07F-9D8AC7458622}.Release|ARM.Deploy.0 = Release|ARM
		{6176A394-83ED-46B3-A07F-9D8AC7458622}.Release|iPhone.ActiveCfg = Release|x86
		{6176A394-83ED-46B3-A07F-9D8AC7458622}.Release|iPhoneSimulator.ActiveCfg = Release|x86
		{6176A394-83ED-46B3-A07F-9D8AC7458622}.Release|x64.ActiveCfg = Release|x64
		{6176A394-83ED-46B3-A07F-9D8AC7458622}.Release|x64.Build.0 = Release|x64
		{6176A394-83ED-46B3-A07F-9D8AC7458622}.Release|x64.Deploy.0 = Release|x64
		{6176A394-83ED-46B3-A07F-9D8AC7458622}.Release|x86.ActiveCfg = Release|x86
		{6176A394-83ED-46B3-A07F-9D8AC7458622}.Release|x86.Build.0 = Release|x86
		{6176A394-83ED-46B3-A07F-9D8AC7458622}.Release|x86.Deploy.0 = Release|x86
		{1392CA66-346C-49E2-9416-867FB3A5CFBC}.Ad-Hoc|Any CPU.ActiveCfg = Debug|Any CPU
		{1392CA66-346C-49E2-9416-867FB3A5CFBC}.Ad-Hoc|Any CPU.Build.0 = Debug|Any CPU
		{1392CA66-346C-49E2-9416-867FB3A5CFBC}.Ad-Hoc|ARM.ActiveCfg = Debug|Any CPU
		{1392CA66-346C-49E2-9416-867FB3A5CFBC}.Ad-Hoc|ARM.Build.0 = Debug|Any CPU
		{1392CA66-346C-49E2-9416-867FB3A5CFBC}.Ad-Hoc|iPhone.ActiveCfg = Debug|Any CPU
		{1392CA66-346C-49E2-9416-867FB3A5CFBC}.Ad-Hoc|iPhone.Build.0 = Debug|Any CPU
		{1392CA66-346C-49E2-9416-867FB3A5CFBC}.Ad-Hoc|iPhoneSimulator.ActiveCfg = Debug|Any CPU
		{1392CA66-346C-49E2-9416-867FB3A5CFBC}.Ad-Hoc|iPhoneSimulator.Build.0 = Debug|Any CPU
		{1392CA66-346C-49E2-9416-867FB3A5CFBC}.Ad-Hoc|x64.ActiveCfg = Debug|Any CPU
		{1392CA66-346C-49E2-9416-867FB3A5CFBC}.Ad-Hoc|x64.Build.0 = Debug|Any CPU
		{1392CA66-346C-49E2-9416-867FB3A5CFBC}.Ad-Hoc|x86.ActiveCfg = Debug|Any CPU
		{1392CA66-346C-49E2-9416-867FB3A5CFBC}.Ad-Hoc|x86.Build.0 = Debug|Any CPU
		{1392CA66-346C-49E2-9416-867FB3A5CFBC}.AppStore|Any CPU.ActiveCfg = Debug|Any CPU
		{1392CA66-346C-49E2-9416-867FB3A5CFBC}.AppStore|Any CPU.Build.0 = Debug|Any CPU
		{1392CA66-346C-49E2-9416-867FB3A5CFBC}.AppStore|ARM.ActiveCfg = Debug|Any CPU
		{1392CA66-346C-49E2-9416-867FB3A5CFBC}.AppStore|ARM.Build.0 = Debug|Any CPU
		{1392CA66-346C-49E2-9416-867FB3A5CFBC}.AppStore|iPhone.ActiveCfg = Debug|Any CPU
		{1392CA66-346C-49E2-9416-867FB3A5CFBC}.AppStore|iPhone.Build.0 = Debug|Any CPU
		{1392CA66-346C-49E2-9416-867FB3A5CFBC}.AppStore|iPhoneSimulator.ActiveCfg = Debug|Any CPU
		{1392CA66-346C-49E2-9416-867FB3A5CFBC}.AppStore|iPhoneSimulator.Build.0 = Debug|Any CPU
		{1392CA66-346C-49E2-9416-867FB3A5CFBC}.AppStore|x64.ActiveCfg = Debug|Any CPU
		{1392CA66-346C-49E2-9416-867FB3A5CFBC}.AppStore|x64.Build.0 = Debug|Any CPU
		{1392CA66-346C-49E2-9416-867FB3A5CFBC}.AppStore|x86.ActiveCfg = Debug|Any CPU
		{1392CA66-346C-49E2-9416-867FB3A5CFBC}.AppStore|x86.Build.0 = Debug|Any CPU
		{1392CA66-346C-49E2-9416-867FB3A5CFBC}.Debug|Any CPU.ActiveCfg = Debug|Any CPU
		{1392CA66-346C-49E2-9416-867FB3A5CFBC}.Debug|Any CPU.Build.0 = Debug|Any CPU
		{1392CA66-346C-49E2-9416-867FB3A5CFBC}.Debug|ARM.ActiveCfg = Debug|Any CPU
		{1392CA66-346C-49E2-9416-867FB3A5CFBC}.Debug|ARM.Build.0 = Debug|Any CPU
		{1392CA66-346C-49E2-9416-867FB3A5CFBC}.Debug|iPhone.ActiveCfg = Debug|Any CPU
		{1392CA66-346C-49E2-9416-867FB3A5CFBC}.Debug|iPhone.Build.0 = Debug|Any CPU
		{1392CA66-346C-49E2-9416-867FB3A5CFBC}.Debug|iPhoneSimulator.ActiveCfg = Debug|Any CPU
		{1392CA66-346C-49E2-9416-867FB3A5CFBC}.Debug|iPhoneSimulator.Build.0 = Debug|Any CPU
		{1392CA66-346C-49E2-9416-867FB3A5CFBC}.Debug|x64.ActiveCfg = Debug|Any CPU
		{1392CA66-346C-49E2-9416-867FB3A5CFBC}.Debug|x64.Build.0 = Debug|Any CPU
		{1392CA66-346C-49E2-9416-867FB3A5CFBC}.Debug|x86.ActiveCfg = Debug|Any CPU
		{1392CA66-346C-49E2-9416-867FB3A5CFBC}.Debug|x86.Build.0 = Debug|Any CPU
		{1392CA66-346C-49E2-9416-867FB3A5CFBC}.Release|Any CPU.ActiveCfg = Release|Any CPU
		{1392CA66-346C-49E2-9416-867FB3A5CFBC}.Release|Any CPU.Build.0 = Release|Any CPU
		{1392CA66-346C-49E2-9416-867FB3A5CFBC}.Release|ARM.ActiveCfg = Release|Any CPU
		{1392CA66-346C-49E2-9416-867FB3A5CFBC}.Release|ARM.Build.0 = Release|Any CPU
		{1392CA66-346C-49E2-9416-867FB3A5CFBC}.Release|iPhone.ActiveCfg = Release|Any CPU
		{1392CA66-346C-49E2-9416-867FB3A5CFBC}.Release|iPhone.Build.0 = Release|Any CPU
		{1392CA66-346C-49E2-9416-867FB3A5CFBC}.Release|iPhoneSimulator.ActiveCfg = Release|Any CPU
		{1392CA66-346C-49E2-9416-867FB3A5CFBC}.Release|iPhoneSimulator.Build.0 = Release|Any CPU
		{1392CA66-346C-49E2-9416-867FB3A5CFBC}.Release|x64.ActiveCfg = Release|Any CPU
		{1392CA66-346C-49E2-9416-867FB3A5CFBC}.Release|x64.Build.0 = Release|Any CPU
		{1392CA66-346C-49E2-9416-867FB3A5CFBC}.Release|x86.ActiveCfg = Release|Any CPU
		{1392CA66-346C-49E2-9416-867FB3A5CFBC}.Release|x86.Build.0 = Release|Any CPU
	EndGlobalSection
	GlobalSection(SolutionProperties) = preSolution
		HideSolutionNode = FALSE
	EndGlobalSection
	GlobalSection(NestedProjects) = preSolution
		{831A8E12-4692-437C-ABA9-56816E2DE61C} = {63545AED-B984-45F4-9A45-EDC91124B5D7}
		{E6E2B47F-69DE-4A9F-9561-F34AAAAF159C} = {63545AED-B984-45F4-9A45-EDC91124B5D7}
		{6176A394-83ED-46B3-A07F-9D8AC7458622} = {63545AED-B984-45F4-9A45-EDC91124B5D7}
		{1392CA66-346C-49E2-9416-867FB3A5CFBC} = {63545AED-B984-45F4-9A45-EDC91124B5D7}
	EndGlobalSection
	GlobalSection(ExtensibilityGlobals) = postSolution
		SolutionGuid = {20DC3EE8-C5FF-4C97-A08C-6ED6361A9C9D}
	EndGlobalSection
EndGlobal
