
Microsoft Visual Studio Solution File, Format Version 12.00
# Visual Studio 15
VisualStudioVersion = 15.0.27703.2035
MinimumVisualStudioVersion = 10.0.40219.1
Project("{9A19103F-16F7-4668-BE54-9A1E7A4F7556}") = "GuessingGame.BusinessRules", "GuessingGame\GuessingGame.BusinessRules.csproj", "{F2EB2D96-6AD4-4795-AA95-876EC97E94BC}"
EndProject
Project("{9A19103F-16F7-4668-BE54-9A1E7A4F7556}") = "GuessingGame.BusinessRules.Tests", "GuessingGame.Tests\GuessingGame.BusinessRules.Tests.csproj", "{A88C5FFF-FF13-4890-8E6F-18B9E78E6DA0}"
EndProject
Project("{9A19103F-16F7-4668-BE54-9A1E7A4F7556}") = "GuessingGame.Gui.ConsoleApplication", "GuessingGame.Console\GuessingGame.Gui.ConsoleApplication.csproj", "{058ECC3E-C58E-4F84-9889-0D203C3DDAD2}"
EndProject
Project("{9A19103F-16F7-4668-BE54-9A1E7A4F7556}") = "GuessingGame.Adapters", "GuessingGame.Adapters\GuessingGame.Adapters.csproj", "{255F3B25-BA51-4B4C-B0D8-85B42AA233FA}"
EndProject
Project("{9A19103F-16F7-4668-BE54-9A1E7A4F7556}") = "GuessingGame.Shared", "GuessingGame.Shared\GuessingGame.Shared.csproj", "{CC40CA0C-9867-4125-9E9F-C73974256BD7}"
EndProject
Project("{9A19103F-16F7-4668-BE54-9A1E7A4F7556}") = "GuessingGame.Adapters.WebApi", "GuessingGame.Adapters.WebApi\GuessingGame.Adapters.WebApi.csproj", "{8910DBAA-6E4C-427E-8D39-EA648EF3EF48}"
EndProject
Project("{9A19103F-16F7-4668-BE54-9A1E7A4F7556}") = "GuessingGame.Gui.Blazor.Server", "GuessingGame.Gui.Blazor.Server\GuessingGame.Gui.Blazor.Server.csproj", "{C0E16915-D9C3-4028-8E0C-0EAE2E6C9607}"
EndProject
Project("{9A19103F-16F7-4668-BE54-9A1E7A4F7556}") = "GuessingGame.Gui.Blazor.Client", "GuessingGame.Gui.Blazor.Client\GuessingGame.Gui.Blazor.Client.csproj", "{747CF575-3248-4FBA-8598-9E60AA5CE341}"
EndProject
Project("{FAE04EC0-301F-11D3-BF4B-00C04F79EFBC}") = "GuessingGame.Gui.Angular", "GuessingGame.Gui.Angular\GuessingGame.Gui.Angular.csproj", "{92EC79DF-57FE-41B3-A691-5C1E34A59EC8}"
EndProject
Global
	GlobalSection(SolutionConfigurationPlatforms) = preSolution
		Debug|Any CPU = Debug|Any CPU
		Debug|x64 = Debug|x64
		Release|Any CPU = Release|Any CPU
		Release|x64 = Release|x64
	EndGlobalSection
	GlobalSection(ProjectConfigurationPlatforms) = postSolution
		{F2EB2D96-6AD4-4795-AA95-876EC97E94BC}.Debug|Any CPU.ActiveCfg = Debug|x64
		{F2EB2D96-6AD4-4795-AA95-876EC97E94BC}.Debug|Any CPU.Build.0 = Debug|x64
		{F2EB2D96-6AD4-4795-AA95-876EC97E94BC}.Debug|x64.ActiveCfg = Debug|x64
		{F2EB2D96-6AD4-4795-AA95-876EC97E94BC}.Debug|x64.Build.0 = Debug|x64
		{F2EB2D96-6AD4-4795-AA95-876EC97E94BC}.Release|Any CPU.ActiveCfg = Release|Any CPU
		{F2EB2D96-6AD4-4795-AA95-876EC97E94BC}.Release|Any CPU.Build.0 = Release|Any CPU
		{F2EB2D96-6AD4-4795-AA95-876EC97E94BC}.Release|x64.ActiveCfg = Release|x64
		{F2EB2D96-6AD4-4795-AA95-876EC97E94BC}.Release|x64.Build.0 = Release|x64
		{A88C5FFF-FF13-4890-8E6F-18B9E78E6DA0}.Debug|Any CPU.ActiveCfg = Debug|x64
		{A88C5FFF-FF13-4890-8E6F-18B9E78E6DA0}.Debug|Any CPU.Build.0 = Debug|x64
		{A88C5FFF-FF13-4890-8E6F-18B9E78E6DA0}.Debug|x64.ActiveCfg = Debug|x64
		{A88C5FFF-FF13-4890-8E6F-18B9E78E6DA0}.Debug|x64.Build.0 = Debug|x64
		{A88C5FFF-FF13-4890-8E6F-18B9E78E6DA0}.Release|Any CPU.ActiveCfg = Release|Any CPU
		{A88C5FFF-FF13-4890-8E6F-18B9E78E6DA0}.Release|Any CPU.Build.0 = Release|Any CPU
		{A88C5FFF-FF13-4890-8E6F-18B9E78E6DA0}.Release|x64.ActiveCfg = Release|x64
		{A88C5FFF-FF13-4890-8E6F-18B9E78E6DA0}.Release|x64.Build.0 = Release|x64
		{058ECC3E-C58E-4F84-9889-0D203C3DDAD2}.Debug|Any CPU.ActiveCfg = Debug|x64
		{058ECC3E-C58E-4F84-9889-0D203C3DDAD2}.Debug|Any CPU.Build.0 = Debug|x64
		{058ECC3E-C58E-4F84-9889-0D203C3DDAD2}.Debug|x64.ActiveCfg = Debug|x64
		{058ECC3E-C58E-4F84-9889-0D203C3DDAD2}.Debug|x64.Build.0 = Debug|x64
		{058ECC3E-C58E-4F84-9889-0D203C3DDAD2}.Release|Any CPU.ActiveCfg = Release|Any CPU
		{058ECC3E-C58E-4F84-9889-0D203C3DDAD2}.Release|Any CPU.Build.0 = Release|Any CPU
		{058ECC3E-C58E-4F84-9889-0D203C3DDAD2}.Release|x64.ActiveCfg = Release|x64
		{058ECC3E-C58E-4F84-9889-0D203C3DDAD2}.Release|x64.Build.0 = Release|x64
		{255F3B25-BA51-4B4C-B0D8-85B42AA233FA}.Debug|Any CPU.ActiveCfg = Debug|x64
		{255F3B25-BA51-4B4C-B0D8-85B42AA233FA}.Debug|Any CPU.Build.0 = Debug|x64
		{255F3B25-BA51-4B4C-B0D8-85B42AA233FA}.Debug|x64.ActiveCfg = Debug|x64
		{255F3B25-BA51-4B4C-B0D8-85B42AA233FA}.Debug|x64.Build.0 = Debug|x64
		{255F3B25-BA51-4B4C-B0D8-85B42AA233FA}.Release|Any CPU.ActiveCfg = Release|Any CPU
		{255F3B25-BA51-4B4C-B0D8-85B42AA233FA}.Release|Any CPU.Build.0 = Release|Any CPU
		{255F3B25-BA51-4B4C-B0D8-85B42AA233FA}.Release|x64.ActiveCfg = Release|x64
		{255F3B25-BA51-4B4C-B0D8-85B42AA233FA}.Release|x64.Build.0 = Release|x64
		{CC40CA0C-9867-4125-9E9F-C73974256BD7}.Debug|Any CPU.ActiveCfg = Debug|x64
		{CC40CA0C-9867-4125-9E9F-C73974256BD7}.Debug|Any CPU.Build.0 = Debug|x64
		{CC40CA0C-9867-4125-9E9F-C73974256BD7}.Debug|x64.ActiveCfg = Debug|x64
		{CC40CA0C-9867-4125-9E9F-C73974256BD7}.Debug|x64.Build.0 = Debug|x64
		{CC40CA0C-9867-4125-9E9F-C73974256BD7}.Release|Any CPU.ActiveCfg = Release|Any CPU
		{CC40CA0C-9867-4125-9E9F-C73974256BD7}.Release|Any CPU.Build.0 = Release|Any CPU
		{CC40CA0C-9867-4125-9E9F-C73974256BD7}.Release|x64.ActiveCfg = Release|x64
		{CC40CA0C-9867-4125-9E9F-C73974256BD7}.Release|x64.Build.0 = Release|x64
		{8910DBAA-6E4C-427E-8D39-EA648EF3EF48}.Debug|Any CPU.ActiveCfg = Debug|x64
		{8910DBAA-6E4C-427E-8D39-EA648EF3EF48}.Debug|Any CPU.Build.0 = Debug|x64
		{8910DBAA-6E4C-427E-8D39-EA648EF3EF48}.Debug|x64.ActiveCfg = Debug|x64
		{8910DBAA-6E4C-427E-8D39-EA648EF3EF48}.Debug|x64.Build.0 = Debug|x64
		{8910DBAA-6E4C-427E-8D39-EA648EF3EF48}.Release|Any CPU.ActiveCfg = Release|Any CPU
		{8910DBAA-6E4C-427E-8D39-EA648EF3EF48}.Release|Any CPU.Build.0 = Release|Any CPU
		{8910DBAA-6E4C-427E-8D39-EA648EF3EF48}.Release|x64.ActiveCfg = Release|x64
		{8910DBAA-6E4C-427E-8D39-EA648EF3EF48}.Release|x64.Build.0 = Release|x64
		{C0E16915-D9C3-4028-8E0C-0EAE2E6C9607}.Debug|Any CPU.ActiveCfg = Debug|Any CPU
		{C0E16915-D9C3-4028-8E0C-0EAE2E6C9607}.Debug|Any CPU.Build.0 = Debug|Any CPU
		{C0E16915-D9C3-4028-8E0C-0EAE2E6C9607}.Debug|x64.ActiveCfg = Debug|Any CPU
		{C0E16915-D9C3-4028-8E0C-0EAE2E6C9607}.Debug|x64.Build.0 = Debug|Any CPU
		{C0E16915-D9C3-4028-8E0C-0EAE2E6C9607}.Release|Any CPU.ActiveCfg = Release|Any CPU
		{C0E16915-D9C3-4028-8E0C-0EAE2E6C9607}.Release|Any CPU.Build.0 = Release|Any CPU
		{C0E16915-D9C3-4028-8E0C-0EAE2E6C9607}.Release|x64.ActiveCfg = Release|Any CPU
		{C0E16915-D9C3-4028-8E0C-0EAE2E6C9607}.Release|x64.Build.0 = Release|Any CPU
		{747CF575-3248-4FBA-8598-9E60AA5CE341}.Debug|Any CPU.ActiveCfg = Debug|Any CPU
		{747CF575-3248-4FBA-8598-9E60AA5CE341}.Debug|Any CPU.Build.0 = Debug|Any CPU
		{747CF575-3248-4FBA-8598-9E60AA5CE341}.Debug|x64.ActiveCfg = Debug|Any CPU
		{747CF575-3248-4FBA-8598-9E60AA5CE341}.Debug|x64.Build.0 = Debug|Any CPU
		{747CF575-3248-4FBA-8598-9E60AA5CE341}.Release|Any CPU.ActiveCfg = Release|Any CPU
		{747CF575-3248-4FBA-8598-9E60AA5CE341}.Release|Any CPU.Build.0 = Release|Any CPU
		{747CF575-3248-4FBA-8598-9E60AA5CE341}.Release|x64.ActiveCfg = Release|Any CPU
		{747CF575-3248-4FBA-8598-9E60AA5CE341}.Release|x64.Build.0 = Release|Any CPU
		{92EC79DF-57FE-41B3-A691-5C1E34A59EC8}.Debug|Any CPU.ActiveCfg = Debug|Any CPU
		{92EC79DF-57FE-41B3-A691-5C1E34A59EC8}.Debug|Any CPU.Build.0 = Debug|Any CPU
		{92EC79DF-57FE-41B3-A691-5C1E34A59EC8}.Debug|x64.ActiveCfg = Debug|Any CPU
		{92EC79DF-57FE-41B3-A691-5C1E34A59EC8}.Debug|x64.Build.0 = Debug|Any CPU
		{92EC79DF-57FE-41B3-A691-5C1E34A59EC8}.Release|Any CPU.ActiveCfg = Release|Any CPU
		{92EC79DF-57FE-41B3-A691-5C1E34A59EC8}.Release|Any CPU.Build.0 = Release|Any CPU
		{92EC79DF-57FE-41B3-A691-5C1E34A59EC8}.Release|x64.ActiveCfg = Release|Any CPU
		{92EC79DF-57FE-41B3-A691-5C1E34A59EC8}.Release|x64.Build.0 = Release|Any CPU
	EndGlobalSection
	GlobalSection(SolutionProperties) = preSolution
		HideSolutionNode = FALSE
	EndGlobalSection
	GlobalSection(ExtensibilityGlobals) = postSolution
		SolutionGuid = {20DC3EE8-C5FF-4C97-A08C-6ED6361A9C9D}
	EndGlobalSection
EndGlobal
